// !$*UTF8*$!
{
	archiveVersion = 1;
	classes = {
	};
	objectVersion = 46;
	objects = {

/* Begin PBXBuildFile section */
		3021D3741CB54452004863A7 /* NZBLocationManager.m in Sources */ = {isa = PBXBuildFile; fileRef = 3021D3731CB54452004863A7 /* NZBLocationManager.m */; };
		303E09BA1C8DCF80008978D6 /* NZBPrivateConstants.m in Sources */ = {isa = PBXBuildFile; fileRef = 303E09B91C8DCF80008978D6 /* NZBPrivateConstants.m */; };
		3075896A1C944B76007F6AFA /* NSString+NZBMessageCell.m in Sources */ = {isa = PBXBuildFile; fileRef = 307589691C944B76007F6AFA /* NSString+NZBMessageCell.m */; };
		3075896D1C944B92007F6AFA /* UIColor+NZBMessageCell.m in Sources */ = {isa = PBXBuildFile; fileRef = 3075896C1C944B92007F6AFA /* UIColor+NZBMessageCell.m */; };
		307589701C948069007F6AFA /* UIBarButtonItem+NZBBarButtonItem.m in Sources */ = {isa = PBXBuildFile; fileRef = 3075896F1C948069007F6AFA /* UIBarButtonItem+NZBBarButtonItem.m */; };
		30E803ED1DA18C0ED1F8F776 /* libPods-Nazabore.a in Frameworks */ = {isa = PBXBuildFile; fileRef = F9C00BAD252C811EAFB53842 /* libPods-Nazabore.a */; };
		30F4CD991CB923D200C1E103 /* NZBPoiCell.m in Sources */ = {isa = PBXBuildFile; fileRef = 30F4CD981CB923D200C1E103 /* NZBPoiCell.m */; };
		30F9A8E51CB0296A00446DFE /* Localizable.strings in Resources */ = {isa = PBXBuildFile; fileRef = 30F9A8E71CB0296A00446DFE /* Localizable.strings */; };
		730E149B21626DC000E4EC08 /* ZaborVC.swift in Sources */ = {isa = PBXBuildFile; fileRef = 730E149A21626DC000E4EC08 /* ZaborVC.swift */; };
		730E149D21626F1900E4EC08 /* Router.swift in Sources */ = {isa = PBXBuildFile; fileRef = 730E149C21626F1900E4EC08 /* Router.swift */; };
		731B365C1C8C05EF0083BFFA /* main.m in Sources */ = {isa = PBXBuildFile; fileRef = 731B365B1C8C05EF0083BFFA /* main.m */; };
		731B365F1C8C05EF0083BFFA /* AppDelegate.m in Sources */ = {isa = PBXBuildFile; fileRef = 731B365E1C8C05EF0083BFFA /* AppDelegate.m */; };
		731B36671C8C05EF0083BFFA /* Assets.xcassets in Resources */ = {isa = PBXBuildFile; fileRef = 731B36661C8C05EF0083BFFA /* Assets.xcassets */; };
		731B36AB1C8C1AEC0083BFFA /* NZBUserVC.m in Sources */ = {isa = PBXBuildFile; fileRef = 731B36AA1C8C1AEC0083BFFA /* NZBUserVC.m */; };
		731B36AC1C8C1AEC0083BFFA /* NZBUserVC.m in Sources */ = {isa = PBXBuildFile; fileRef = 731B36AA1C8C1AEC0083BFFA /* NZBUserVC.m */; };
		731B36B41C8C1B790083BFFA /* NZBMapVC.m in Sources */ = {isa = PBXBuildFile; fileRef = 731B36AF1C8C1B790083BFFA /* NZBMapVC.m */; };
		731B36B61C8C1B790083BFFA /* NZBZaborVC.m in Sources */ = {isa = PBXBuildFile; fileRef = 731B36B11C8C1B790083BFFA /* NZBZaborVC.m */; };
		731B36B81C8C1B790083BFFA /* NZBWriteVC.m in Sources */ = {isa = PBXBuildFile; fileRef = 731B36B31C8C1B790083BFFA /* NZBWriteVC.m */; };
		731B36BF1C8C1BA70083BFFA /* UIFont+System.m in Sources */ = {isa = PBXBuildFile; fileRef = 731B36BC1C8C1BA70083BFFA /* UIFont+System.m */; };
		731B36C01C8C1BA70083BFFA /* UIFont+System.m in Sources */ = {isa = PBXBuildFile; fileRef = 731B36BC1C8C1BA70083BFFA /* UIFont+System.m */; };
		731B36C11C8C1BA70083BFFA /* UIColor+System.m in Sources */ = {isa = PBXBuildFile; fileRef = 731B36BE1C8C1BA70083BFFA /* UIColor+System.m */; };
		731B36C21C8C1BA70083BFFA /* UIColor+System.m in Sources */ = {isa = PBXBuildFile; fileRef = 731B36BE1C8C1BA70083BFFA /* UIColor+System.m */; };
		731B36C91C8C1BE10083BFFA /* RDRGrowingTextView.m in Sources */ = {isa = PBXBuildFile; fileRef = 731B36C61C8C1BE10083BFFA /* RDRGrowingTextView.m */; };
		731B36CB1C8C1BE10083BFFA /* NZBEmojiSelectVC.m in Sources */ = {isa = PBXBuildFile; fileRef = 731B36C81C8C1BE10083BFFA /* NZBEmojiSelectVC.m */; };
		731B36D71C8C1BF30083BFFA /* NZBMessageCell.m in Sources */ = {isa = PBXBuildFile; fileRef = 731B36CF1C8C1BF30083BFFA /* NZBMessageCell.m */; };
		731B36D91C8C1BF30083BFFA /* NZBAdsCell.m in Sources */ = {isa = PBXBuildFile; fileRef = 731B36D11C8C1BF30083BFFA /* NZBAdsCell.m */; };
		731B36DB1C8C1BF30083BFFA /* NZBAnnotationView.m in Sources */ = {isa = PBXBuildFile; fileRef = 731B36D41C8C1BF30083BFFA /* NZBAnnotationView.m */; };
		731B36DD1C8C1BF30083BFFA /* NZBEmojiCell.m in Sources */ = {isa = PBXBuildFile; fileRef = 731B36D61C8C1BF30083BFFA /* NZBEmojiCell.m */; };
		731B36E41C8C1CD70083BFFA /* MZBBoardAnnotation.m in Sources */ = {isa = PBXBuildFile; fileRef = 731B36E11C8C1CD70083BFFA /* MZBBoardAnnotation.m */; };
		731B36E51C8C1CD70083BFFA /* MZBBoardAnnotation.m in Sources */ = {isa = PBXBuildFile; fileRef = 731B36E11C8C1CD70083BFFA /* MZBBoardAnnotation.m */; };
		731B36E61C8C1CD70083BFFA /* NZBDataProvider.m in Sources */ = {isa = PBXBuildFile; fileRef = 731B36E31C8C1CD70083BFFA /* NZBDataProvider.m */; };
		731B36E71C8C1CD70083BFFA /* NZBDataProvider.m in Sources */ = {isa = PBXBuildFile; fileRef = 731B36E31C8C1CD70083BFFA /* NZBDataProvider.m */; };
		731B39CC1C8C2FB90083BFFA /* NSDate+NZBPrettyString.m in Sources */ = {isa = PBXBuildFile; fileRef = 731B39CB1C8C2FB90083BFFA /* NSDate+NZBPrettyString.m */; };
		731B39CD1C8C2FB90083BFFA /* NSDate+NZBPrettyString.m in Sources */ = {isa = PBXBuildFile; fileRef = 731B39CB1C8C2FB90083BFFA /* NSDate+NZBPrettyString.m */; };
		731B3CB31C8C31C10083BFFA /* NSDate+NZBPrettyStringSpec.m in Sources */ = {isa = PBXBuildFile; fileRef = 731B3CB21C8C31C10083BFFA /* NSDate+NZBPrettyStringSpec.m */; };
		731B3CBC1C8C33D20083BFFA /* main.m in Sources */ = {isa = PBXBuildFile; fileRef = 731B3CBB1C8C33D20083BFFA /* main.m */; };
		731B3CBF1C8C33D20083BFFA /* AppDelegate.m in Sources */ = {isa = PBXBuildFile; fileRef = 731B3CBE1C8C33D20083BFFA /* AppDelegate.m */; };
		731B3CD41C8C37990083BFFA /* AppDelegate.m in Sources */ = {isa = PBXBuildFile; fileRef = 731B3CBE1C8C33D20083BFFA /* AppDelegate.m */; };
		731B3CD71C8C49080083BFFA /* NZBPreferences.m in Sources */ = {isa = PBXBuildFile; fileRef = 731B3CD61C8C49080083BFFA /* NZBPreferences.m */; };
		731B3D301C8DDD020083BFFA /* NZBPrivateConstants.m in Sources */ = {isa = PBXBuildFile; fileRef = 303E09B91C8DCF80008978D6 /* NZBPrivateConstants.m */; };
		731B3D311C8DDD0F0083BFFA /* NZBPrivateConstants.m in Sources */ = {isa = PBXBuildFile; fileRef = 303E09B91C8DCF80008978D6 /* NZBPrivateConstants.m */; };
		7328B14F1CB554F90051DE0B /* NZBNotifyView.m in Sources */ = {isa = PBXBuildFile; fileRef = 7328B14E1CB554F90051DE0B /* NZBNotifyView.m */; };
		7328B4251CB906B90051DE0B /* NZBEmojiPageVC.m in Sources */ = {isa = PBXBuildFile; fileRef = 7328B4241CB906B90051DE0B /* NZBEmojiPageVC.m */; };
		7328B4281CB90C7F0051DE0B /* NZBEmojiPageVM.m in Sources */ = {isa = PBXBuildFile; fileRef = 7328B4271CB90C7F0051DE0B /* NZBEmojiPageVM.m */; };
		7328B42C1CB91E900051DE0B /* UIViewController+DGSAdditions.m in Sources */ = {isa = PBXBuildFile; fileRef = 7328B42B1CB91E900051DE0B /* UIViewController+DGSAdditions.m */; };
		7328B42D1CB954D50051DE0B /* NZBEmojiSelectVM.m in Sources */ = {isa = PBXBuildFile; fileRef = 734650041CB15D0F004571D7 /* NZBEmojiSelectVM.m */; };
		7328B42E1CB954EF0051DE0B /* NZBEmojiPageVM.m in Sources */ = {isa = PBXBuildFile; fileRef = 7328B4271CB90C7F0051DE0B /* NZBEmojiPageVM.m */; };
		7328B42F1CB954F90051DE0B /* NZBEmojiCell.m in Sources */ = {isa = PBXBuildFile; fileRef = 731B36D61C8C1BF30083BFFA /* NZBEmojiCell.m */; };
		7328B4301CB95B6C0051DE0B /* Assets.xcassets in Resources */ = {isa = PBXBuildFile; fileRef = 731B36661C8C05EF0083BFFA /* Assets.xcassets */; };
		7328B4311CB95BD20051DE0B /* Assets.xcassets in Resources */ = {isa = PBXBuildFile; fileRef = 731B36661C8C05EF0083BFFA /* Assets.xcassets */; };
		7334FE3B1CAFEA5D00333668 /* NZBAnalytics.m in Sources */ = {isa = PBXBuildFile; fileRef = 7334FE3A1CAFEA5D00333668 /* NZBAnalytics.m */; };
		734650051CB15D0F004571D7 /* NZBEmojiSelectVM.m in Sources */ = {isa = PBXBuildFile; fileRef = 734650041CB15D0F004571D7 /* NZBEmojiSelectVM.m */; };
		734650141CB17C37004571D7 /* NZBEmojiView.m in Sources */ = {isa = PBXBuildFile; fileRef = 734650131CB17C37004571D7 /* NZBEmojiView.m */; };
		734650151CB17C37004571D7 /* NZBEmojiView.m in Sources */ = {isa = PBXBuildFile; fileRef = 734650131CB17C37004571D7 /* NZBEmojiView.m */; };
		734653001CB36317004571D7 /* NZBEmojiSelectVMSpec.m in Sources */ = {isa = PBXBuildFile; fileRef = 734652FF1CB36317004571D7 /* NZBEmojiSelectVMSpec.m */; };
		734B0F201CBBF58200F35E81 /* NZBZaborVM.m in Sources */ = {isa = PBXBuildFile; fileRef = 734B0F1F1CBBF58200F35E81 /* NZBZaborVM.m */; };
		734B0F211CBBF58300F35E81 /* NZBZaborVM.m in Sources */ = {isa = PBXBuildFile; fileRef = 734B0F1F1CBBF58200F35E81 /* NZBZaborVM.m */; };
		73C457ED2160DEA5004E71C9 /* FrameObservingInputAccessoryView.swift in Sources */ = {isa = PBXBuildFile; fileRef = 73C457EC2160DEA5004E71C9 /* FrameObservingInputAccessoryView.swift */; };
		73C457F32160EF4B004E71C9 /* protocol.pb.swift in Sources */ = {isa = PBXBuildFile; fileRef = 73C457F22160EF4B004E71C9 /* protocol.pb.swift */; };
		73C457F62160F247004E71C9 /* APIService.swift in Sources */ = {isa = PBXBuildFile; fileRef = 73C457F52160F247004E71C9 /* APIService.swift */; };
		73C457F82160F435004E71C9 /* Constants.swift in Sources */ = {isa = PBXBuildFile; fileRef = 73C457F72160F435004E71C9 /* Constants.swift */; };
		73C457FA2160F47D004E71C9 /* UIDevice-Hardware.swift in Sources */ = {isa = PBXBuildFile; fileRef = 73C457F92160F47D004E71C9 /* UIDevice-Hardware.swift */; };
		73C457FC2160F4F5004E71C9 /* CashbackError.swift in Sources */ = {isa = PBXBuildFile; fileRef = 73C457FB2160F4F5004E71C9 /* CashbackError.swift */; };
		73C457FE2160F516004E71C9 /* Result.swift in Sources */ = {isa = PBXBuildFile; fileRef = 73C457FD2160F516004E71C9 /* Result.swift */; };
		73C458002160F5B9004E71C9 /* Localization.swift in Sources */ = {isa = PBXBuildFile; fileRef = 73C457FF2160F5B9004E71C9 /* Localization.swift */; };
		73C458022160F6EF004E71C9 /* Logger.swift in Sources */ = {isa = PBXBuildFile; fileRef = 73C458012160F6EF004E71C9 /* Logger.swift */; };
		73C458052160F7B6004E71C9 /* FileManager+ApplicationSettings.swift in Sources */ = {isa = PBXBuildFile; fileRef = 73C458042160F7B6004E71C9 /* FileManager+ApplicationSettings.swift */; };
		73C458072160F7FE004E71C9 /* JSONDecoder+Static.swift in Sources */ = {isa = PBXBuildFile; fileRef = 73C458062160F7FE004E71C9 /* JSONDecoder+Static.swift */; };
		73C458092160F81D004E71C9 /* Aliases.swift in Sources */ = {isa = PBXBuildFile; fileRef = 73C458082160F81D004E71C9 /* Aliases.swift */; };
		73C4580B2160F856004E71C9 /* ErrorResponse.swift in Sources */ = {isa = PBXBuildFile; fileRef = 73C4580A2160F856004E71C9 /* ErrorResponse.swift */; };
		73C4580F2160FB49004E71C9 /* BoardAnnotation.swift in Sources */ = {isa = PBXBuildFile; fileRef = 73C4580E2160FB49004E71C9 /* BoardAnnotation.swift */; };
		B7B35939EFE626188325A665 /* libPods-UIWrapper.a in Frameworks */ = {isa = PBXBuildFile; fileRef = 64439F2C4A6137D09DED59B6 /* libPods-UIWrapper.a */; };
		EB50F43A91185C49AA835A07 /* libPods-NazaboreTests.a in Frameworks */ = {isa = PBXBuildFile; fileRef = F036605BC02E91AD3EA2A190 /* libPods-NazaboreTests.a */; };
/* End PBXBuildFile section */

/* Begin PBXContainerItemProxy section */
		731B36711C8C05EF0083BFFA /* PBXContainerItemProxy */ = {
			isa = PBXContainerItemProxy;
			containerPortal = 731B364F1C8C05EF0083BFFA /* Project object */;
			proxyType = 1;
			remoteGlobalIDString = 731B36561C8C05EF0083BFFA;
			remoteInfo = Nazabore;
		};
		731B3CCF1C8C344C0083BFFA /* PBXContainerItemProxy */ = {
			isa = PBXContainerItemProxy;
			containerPortal = 731B364F1C8C05EF0083BFFA /* Project object */;
			proxyType = 1;
			remoteGlobalIDString = 731B3CB71C8C33D20083BFFA;
			remoteInfo = UIWrapper;
		};
/* End PBXContainerItemProxy section */

/* Begin PBXFileReference section */
		24F0E766C75BC1D8796E4274 /* Pods-UIWrapper.release.xcconfig */ = {isa = PBXFileReference; includeInIndex = 1; lastKnownFileType = text.xcconfig; name = "Pods-UIWrapper.release.xcconfig"; path = "Target Support Files/Pods-UIWrapper/Pods-UIWrapper.release.xcconfig"; sourceTree = "<group>"; };
		262B99413256D3D6FD282363 /* Pods-UIWrapper.appstore.xcconfig */ = {isa = PBXFileReference; includeInIndex = 1; lastKnownFileType = text.xcconfig; name = "Pods-UIWrapper.appstore.xcconfig"; path = "Target Support Files/Pods-UIWrapper/Pods-UIWrapper.appstore.xcconfig"; sourceTree = "<group>"; };
		3021D3721CB54452004863A7 /* NZBLocationManager.h */ = {isa = PBXFileReference; fileEncoding = 4; lastKnownFileType = sourcecode.c.h; path = NZBLocationManager.h; sourceTree = "<group>"; };
		3021D3731CB54452004863A7 /* NZBLocationManager.m */ = {isa = PBXFileReference; fileEncoding = 4; lastKnownFileType = sourcecode.c.objc; path = NZBLocationManager.m; sourceTree = "<group>"; };
		303E09B91C8DCF80008978D6 /* NZBPrivateConstants.m */ = {isa = PBXFileReference; fileEncoding = 4; lastKnownFileType = sourcecode.c.objc; path = NZBPrivateConstants.m; sourceTree = "<group>"; };
		307589681C944B76007F6AFA /* NSString+NZBMessageCell.h */ = {isa = PBXFileReference; fileEncoding = 4; lastKnownFileType = sourcecode.c.h; path = "NSString+NZBMessageCell.h"; sourceTree = "<group>"; };
		307589691C944B76007F6AFA /* NSString+NZBMessageCell.m */ = {isa = PBXFileReference; fileEncoding = 4; lastKnownFileType = sourcecode.c.objc; path = "NSString+NZBMessageCell.m"; sourceTree = "<group>"; };
		3075896B1C944B92007F6AFA /* UIColor+NZBMessageCell.h */ = {isa = PBXFileReference; fileEncoding = 4; lastKnownFileType = sourcecode.c.h; path = "UIColor+NZBMessageCell.h"; sourceTree = "<group>"; };
		3075896C1C944B92007F6AFA /* UIColor+NZBMessageCell.m */ = {isa = PBXFileReference; fileEncoding = 4; lastKnownFileType = sourcecode.c.objc; path = "UIColor+NZBMessageCell.m"; sourceTree = "<group>"; };
		3075896E1C948069007F6AFA /* UIBarButtonItem+NZBBarButtonItem.h */ = {isa = PBXFileReference; fileEncoding = 4; lastKnownFileType = sourcecode.c.h; path = "UIBarButtonItem+NZBBarButtonItem.h"; sourceTree = "<group>"; };
		3075896F1C948069007F6AFA /* UIBarButtonItem+NZBBarButtonItem.m */ = {isa = PBXFileReference; fileEncoding = 4; lastKnownFileType = sourcecode.c.objc; path = "UIBarButtonItem+NZBBarButtonItem.m"; sourceTree = "<group>"; };
		30F4CD971CB923D200C1E103 /* NZBPoiCell.h */ = {isa = PBXFileReference; fileEncoding = 4; lastKnownFileType = sourcecode.c.h; path = NZBPoiCell.h; sourceTree = "<group>"; };
		30F4CD981CB923D200C1E103 /* NZBPoiCell.m */ = {isa = PBXFileReference; fileEncoding = 4; lastKnownFileType = sourcecode.c.objc; path = NZBPoiCell.m; sourceTree = "<group>"; };
		30F9A8E91CB029BD00446DFE /* ru */ = {isa = PBXFileReference; lastKnownFileType = text.plist.strings; name = ru; path = ru.lproj/Localizable.strings; sourceTree = "<group>"; };
		30F9A8EB1CB02AF100446DFE /* NZBLocalizableConstants.h */ = {isa = PBXFileReference; lastKnownFileType = sourcecode.c.h; path = NZBLocalizableConstants.h; sourceTree = "<group>"; };
		3A2ADA7E1895E2677373275F /* Pods-UIWrapper.debug.xcconfig */ = {isa = PBXFileReference; includeInIndex = 1; lastKnownFileType = text.xcconfig; name = "Pods-UIWrapper.debug.xcconfig"; path = "Target Support Files/Pods-UIWrapper/Pods-UIWrapper.debug.xcconfig"; sourceTree = "<group>"; };
		53D6359C7E4F19257487119F /* Pods-Nazabore.release.xcconfig */ = {isa = PBXFileReference; includeInIndex = 1; lastKnownFileType = text.xcconfig; name = "Pods-Nazabore.release.xcconfig"; path = "Target Support Files/Pods-Nazabore/Pods-Nazabore.release.xcconfig"; sourceTree = "<group>"; };
		64439F2C4A6137D09DED59B6 /* libPods-UIWrapper.a */ = {isa = PBXFileReference; explicitFileType = archive.ar; includeInIndex = 0; path = "libPods-UIWrapper.a"; sourceTree = BUILT_PRODUCTS_DIR; };
		6D6F6CDCD30F6D22B03A1C71 /* Pods-Nazabore.appstore.xcconfig */ = {isa = PBXFileReference; includeInIndex = 1; lastKnownFileType = text.xcconfig; name = "Pods-Nazabore.appstore.xcconfig"; path = "Target Support Files/Pods-Nazabore/Pods-Nazabore.appstore.xcconfig"; sourceTree = "<group>"; };
		730E149A21626DC000E4EC08 /* ZaborVC.swift */ = {isa = PBXFileReference; lastKnownFileType = sourcecode.swift; path = ZaborVC.swift; sourceTree = "<group>"; };
		730E149C21626F1900E4EC08 /* Router.swift */ = {isa = PBXFileReference; lastKnownFileType = sourcecode.swift; path = Router.swift; sourceTree = "<group>"; };
		731B36571C8C05EF0083BFFA /* Nazabore.app */ = {isa = PBXFileReference; explicitFileType = wrapper.application; includeInIndex = 0; path = Nazabore.app; sourceTree = BUILT_PRODUCTS_DIR; };
		731B365B1C8C05EF0083BFFA /* main.m */ = {isa = PBXFileReference; lastKnownFileType = sourcecode.c.objc; path = main.m; sourceTree = "<group>"; };
		731B365D1C8C05EF0083BFFA /* AppDelegate.h */ = {isa = PBXFileReference; lastKnownFileType = sourcecode.c.h; path = AppDelegate.h; sourceTree = "<group>"; };
		731B365E1C8C05EF0083BFFA /* AppDelegate.m */ = {isa = PBXFileReference; lastKnownFileType = sourcecode.c.objc; path = AppDelegate.m; sourceTree = "<group>"; };
		731B36661C8C05EF0083BFFA /* Assets.xcassets */ = {isa = PBXFileReference; lastKnownFileType = folder.assetcatalog; path = Assets.xcassets; sourceTree = "<group>"; };
		731B366B1C8C05EF0083BFFA /* Info.plist */ = {isa = PBXFileReference; lastKnownFileType = text.plist.xml; path = Info.plist; sourceTree = "<group>"; };
		731B36701C8C05EF0083BFFA /* NazaboreTests.xctest */ = {isa = PBXFileReference; explicitFileType = wrapper.cfbundle; includeInIndex = 0; path = NazaboreTests.xctest; sourceTree = BUILT_PRODUCTS_DIR; };
		731B36761C8C05EF0083BFFA /* Info.plist */ = {isa = PBXFileReference; lastKnownFileType = text.plist.xml; path = Info.plist; sourceTree = "<group>"; };
		731B36A91C8C1AEC0083BFFA /* NZBUserVC.h */ = {isa = PBXFileReference; fileEncoding = 4; lastKnownFileType = sourcecode.c.h; path = NZBUserVC.h; sourceTree = "<group>"; };
		731B36AA1C8C1AEC0083BFFA /* NZBUserVC.m */ = {isa = PBXFileReference; fileEncoding = 4; lastKnownFileType = sourcecode.c.objc; path = NZBUserVC.m; sourceTree = "<group>"; };
		731B36AD1C8C1B000083BFFA /* Prefix-Header.h */ = {isa = PBXFileReference; lastKnownFileType = sourcecode.c.h; path = "Prefix-Header.h"; sourceTree = "<group>"; };
		731B36AE1C8C1B790083BFFA /* NZBMapVC.h */ = {isa = PBXFileReference; fileEncoding = 4; lastKnownFileType = sourcecode.c.h; path = NZBMapVC.h; sourceTree = "<group>"; };
		731B36AF1C8C1B790083BFFA /* NZBMapVC.m */ = {isa = PBXFileReference; fileEncoding = 4; lastKnownFileType = sourcecode.c.objc; path = NZBMapVC.m; sourceTree = "<group>"; };
		731B36B01C8C1B790083BFFA /* NZBZaborVC.h */ = {isa = PBXFileReference; fileEncoding = 4; lastKnownFileType = sourcecode.c.h; path = NZBZaborVC.h; sourceTree = "<group>"; };
		731B36B11C8C1B790083BFFA /* NZBZaborVC.m */ = {isa = PBXFileReference; fileEncoding = 4; lastKnownFileType = sourcecode.c.objc; path = NZBZaborVC.m; sourceTree = "<group>"; };
		731B36B21C8C1B790083BFFA /* NZBWriteVC.h */ = {isa = PBXFileReference; fileEncoding = 4; lastKnownFileType = sourcecode.c.h; path = NZBWriteVC.h; sourceTree = "<group>"; };
		731B36B31C8C1B790083BFFA /* NZBWriteVC.m */ = {isa = PBXFileReference; fileEncoding = 4; lastKnownFileType = sourcecode.c.objc; path = NZBWriteVC.m; sourceTree = "<group>"; };
		731B36BB1C8C1BA70083BFFA /* UIFont+System.h */ = {isa = PBXFileReference; fileEncoding = 4; lastKnownFileType = sourcecode.c.h; path = "UIFont+System.h"; sourceTree = "<group>"; };
		731B36BC1C8C1BA70083BFFA /* UIFont+System.m */ = {isa = PBXFileReference; fileEncoding = 4; lastKnownFileType = sourcecode.c.objc; path = "UIFont+System.m"; sourceTree = "<group>"; };
		731B36BD1C8C1BA70083BFFA /* UIColor+System.h */ = {isa = PBXFileReference; fileEncoding = 4; lastKnownFileType = sourcecode.c.h; path = "UIColor+System.h"; sourceTree = "<group>"; };
		731B36BE1C8C1BA70083BFFA /* UIColor+System.m */ = {isa = PBXFileReference; fileEncoding = 4; lastKnownFileType = sourcecode.c.objc; path = "UIColor+System.m"; sourceTree = "<group>"; };
		731B36C51C8C1BE10083BFFA /* RDRGrowingTextView.h */ = {isa = PBXFileReference; fileEncoding = 4; lastKnownFileType = sourcecode.c.h; path = RDRGrowingTextView.h; sourceTree = "<group>"; };
		731B36C61C8C1BE10083BFFA /* RDRGrowingTextView.m */ = {isa = PBXFileReference; fileEncoding = 4; lastKnownFileType = sourcecode.c.objc; path = RDRGrowingTextView.m; sourceTree = "<group>"; };
		731B36C71C8C1BE10083BFFA /* NZBEmojiSelectVC.h */ = {isa = PBXFileReference; fileEncoding = 4; lastKnownFileType = sourcecode.c.h; path = NZBEmojiSelectVC.h; sourceTree = "<group>"; };
		731B36C81C8C1BE10083BFFA /* NZBEmojiSelectVC.m */ = {isa = PBXFileReference; fileEncoding = 4; lastKnownFileType = sourcecode.c.objc; path = NZBEmojiSelectVC.m; sourceTree = "<group>"; };
		731B36CE1C8C1BF30083BFFA /* NZBMessageCell.h */ = {isa = PBXFileReference; fileEncoding = 4; lastKnownFileType = sourcecode.c.h; path = NZBMessageCell.h; sourceTree = "<group>"; };
		731B36CF1C8C1BF30083BFFA /* NZBMessageCell.m */ = {isa = PBXFileReference; fileEncoding = 4; lastKnownFileType = sourcecode.c.objc; path = NZBMessageCell.m; sourceTree = "<group>"; };
		731B36D01C8C1BF30083BFFA /* NZBAdsCell.h */ = {isa = PBXFileReference; fileEncoding = 4; lastKnownFileType = sourcecode.c.h; path = NZBAdsCell.h; sourceTree = "<group>"; };
		731B36D11C8C1BF30083BFFA /* NZBAdsCell.m */ = {isa = PBXFileReference; fileEncoding = 4; lastKnownFileType = sourcecode.c.objc; path = NZBAdsCell.m; sourceTree = "<group>"; };
		731B36D21C8C1BF30083BFFA /* NZBCellProtocol.h */ = {isa = PBXFileReference; fileEncoding = 4; lastKnownFileType = sourcecode.c.h; path = NZBCellProtocol.h; sourceTree = "<group>"; };
		731B36D31C8C1BF30083BFFA /* NZBAnnotationView.h */ = {isa = PBXFileReference; fileEncoding = 4; lastKnownFileType = sourcecode.c.h; path = NZBAnnotationView.h; sourceTree = "<group>"; };
		731B36D41C8C1BF30083BFFA /* NZBAnnotationView.m */ = {isa = PBXFileReference; fileEncoding = 4; lastKnownFileType = sourcecode.c.objc; path = NZBAnnotationView.m; sourceTree = "<group>"; };
		731B36D51C8C1BF30083BFFA /* NZBEmojiCell.h */ = {isa = PBXFileReference; fileEncoding = 4; lastKnownFileType = sourcecode.c.h; path = NZBEmojiCell.h; sourceTree = "<group>"; };
		731B36D61C8C1BF30083BFFA /* NZBEmojiCell.m */ = {isa = PBXFileReference; fileEncoding = 4; lastKnownFileType = sourcecode.c.objc; path = NZBEmojiCell.m; sourceTree = "<group>"; };
		731B36E01C8C1CD70083BFFA /* MZBBoardAnnotation.h */ = {isa = PBXFileReference; fileEncoding = 4; lastKnownFileType = sourcecode.c.h; path = MZBBoardAnnotation.h; sourceTree = "<group>"; };
		731B36E11C8C1CD70083BFFA /* MZBBoardAnnotation.m */ = {isa = PBXFileReference; fileEncoding = 4; lastKnownFileType = sourcecode.c.objc; path = MZBBoardAnnotation.m; sourceTree = "<group>"; };
		731B36E21C8C1CD70083BFFA /* NZBDataProvider.h */ = {isa = PBXFileReference; fileEncoding = 4; lastKnownFileType = sourcecode.c.h; path = NZBDataProvider.h; sourceTree = "<group>"; };
		731B36E31C8C1CD70083BFFA /* NZBDataProvider.m */ = {isa = PBXFileReference; fileEncoding = 4; lastKnownFileType = sourcecode.c.objc; path = NZBDataProvider.m; sourceTree = "<group>"; };
		731B39CA1C8C2FB90083BFFA /* NSDate+NZBPrettyString.h */ = {isa = PBXFileReference; fileEncoding = 4; lastKnownFileType = sourcecode.c.h; path = "NSDate+NZBPrettyString.h"; sourceTree = "<group>"; };
		731B39CB1C8C2FB90083BFFA /* NSDate+NZBPrettyString.m */ = {isa = PBXFileReference; fileEncoding = 4; lastKnownFileType = sourcecode.c.objc; path = "NSDate+NZBPrettyString.m"; sourceTree = "<group>"; };
		731B3CB21C8C31C10083BFFA /* NSDate+NZBPrettyStringSpec.m */ = {isa = PBXFileReference; fileEncoding = 4; lastKnownFileType = sourcecode.c.objc; path = "NSDate+NZBPrettyStringSpec.m"; sourceTree = "<group>"; };
		731B3CB81C8C33D20083BFFA /* UIWrapper.app */ = {isa = PBXFileReference; explicitFileType = wrapper.application; includeInIndex = 0; path = UIWrapper.app; sourceTree = BUILT_PRODUCTS_DIR; };
		731B3CBB1C8C33D20083BFFA /* main.m */ = {isa = PBXFileReference; lastKnownFileType = sourcecode.c.objc; path = main.m; sourceTree = "<group>"; };
		731B3CBD1C8C33D20083BFFA /* AppDelegate.h */ = {isa = PBXFileReference; lastKnownFileType = sourcecode.c.h; path = AppDelegate.h; sourceTree = "<group>"; };
		731B3CBE1C8C33D20083BFFA /* AppDelegate.m */ = {isa = PBXFileReference; lastKnownFileType = sourcecode.c.objc; path = AppDelegate.m; sourceTree = "<group>"; };
		731B3CCB1C8C33D20083BFFA /* Info.plist */ = {isa = PBXFileReference; lastKnownFileType = text.plist.xml; path = Info.plist; sourceTree = "<group>"; };
		731B3CD11C8C36960083BFFA /* Prefix-Header.h */ = {isa = PBXFileReference; lastKnownFileType = sourcecode.c.h; path = "Prefix-Header.h"; sourceTree = "<group>"; };
		731B3CD21C8C372B0083BFFA /* Prefix-Header.h */ = {isa = PBXFileReference; lastKnownFileType = sourcecode.c.h; path = "Prefix-Header.h"; sourceTree = "<group>"; };
		731B3CD51C8C49080083BFFA /* NZBPreferences.h */ = {isa = PBXFileReference; fileEncoding = 4; lastKnownFileType = sourcecode.c.h; path = NZBPreferences.h; sourceTree = "<group>"; };
		731B3CD61C8C49080083BFFA /* NZBPreferences.m */ = {isa = PBXFileReference; fileEncoding = 4; lastKnownFileType = sourcecode.c.objc; path = NZBPreferences.m; sourceTree = "<group>"; };
		7328B14D1CB554F90051DE0B /* NZBNotifyView.h */ = {isa = PBXFileReference; fileEncoding = 4; lastKnownFileType = sourcecode.c.h; path = NZBNotifyView.h; sourceTree = "<group>"; };
		7328B14E1CB554F90051DE0B /* NZBNotifyView.m */ = {isa = PBXFileReference; fileEncoding = 4; lastKnownFileType = sourcecode.c.objc; path = NZBNotifyView.m; sourceTree = "<group>"; };
		7328B4231CB906B90051DE0B /* NZBEmojiPageVC.h */ = {isa = PBXFileReference; fileEncoding = 4; lastKnownFileType = sourcecode.c.h; path = NZBEmojiPageVC.h; sourceTree = "<group>"; };
		7328B4241CB906B90051DE0B /* NZBEmojiPageVC.m */ = {isa = PBXFileReference; fileEncoding = 4; lastKnownFileType = sourcecode.c.objc; path = NZBEmojiPageVC.m; sourceTree = "<group>"; };
		7328B4261CB90C7F0051DE0B /* NZBEmojiPageVM.h */ = {isa = PBXFileReference; fileEncoding = 4; lastKnownFileType = sourcecode.c.h; path = NZBEmojiPageVM.h; sourceTree = "<group>"; };
		7328B4271CB90C7F0051DE0B /* NZBEmojiPageVM.m */ = {isa = PBXFileReference; fileEncoding = 4; lastKnownFileType = sourcecode.c.objc; path = NZBEmojiPageVM.m; sourceTree = "<group>"; };
		7328B42A1CB91E900051DE0B /* UIViewController+DGSAdditions.h */ = {isa = PBXFileReference; fileEncoding = 4; lastKnownFileType = sourcecode.c.h; path = "UIViewController+DGSAdditions.h"; sourceTree = "<group>"; };
		7328B42B1CB91E900051DE0B /* UIViewController+DGSAdditions.m */ = {isa = PBXFileReference; fileEncoding = 4; lastKnownFileType = sourcecode.c.objc; path = "UIViewController+DGSAdditions.m"; sourceTree = "<group>"; };
		7334FE391CAFEA5D00333668 /* NZBAnalytics.h */ = {isa = PBXFileReference; fileEncoding = 4; lastKnownFileType = sourcecode.c.h; path = NZBAnalytics.h; sourceTree = "<group>"; };
		7334FE3A1CAFEA5D00333668 /* NZBAnalytics.m */ = {isa = PBXFileReference; fileEncoding = 4; lastKnownFileType = sourcecode.c.objc; path = NZBAnalytics.m; sourceTree = "<group>"; };
		7334FE441CB0C98000333668 /* en */ = {isa = PBXFileReference; lastKnownFileType = text.plist.strings; name = en; path = en.lproj/Localizable.strings; sourceTree = "<group>"; };
		734650031CB15D0F004571D7 /* NZBEmojiSelectVM.h */ = {isa = PBXFileReference; fileEncoding = 4; lastKnownFileType = sourcecode.c.h; path = NZBEmojiSelectVM.h; sourceTree = "<group>"; };
		734650041CB15D0F004571D7 /* NZBEmojiSelectVM.m */ = {isa = PBXFileReference; fileEncoding = 4; lastKnownFileType = sourcecode.c.objc; path = NZBEmojiSelectVM.m; sourceTree = "<group>"; };
		734650121CB17C37004571D7 /* NZBEmojiView.h */ = {isa = PBXFileReference; fileEncoding = 4; lastKnownFileType = sourcecode.c.h; path = NZBEmojiView.h; sourceTree = "<group>"; };
		734650131CB17C37004571D7 /* NZBEmojiView.m */ = {isa = PBXFileReference; fileEncoding = 4; lastKnownFileType = sourcecode.c.objc; path = NZBEmojiView.m; sourceTree = "<group>"; };
		734652FF1CB36317004571D7 /* NZBEmojiSelectVMSpec.m */ = {isa = PBXFileReference; fileEncoding = 4; lastKnownFileType = sourcecode.c.objc; path = NZBEmojiSelectVMSpec.m; sourceTree = "<group>"; };
		734B0F1E1CBBF58200F35E81 /* NZBZaborVM.h */ = {isa = PBXFileReference; fileEncoding = 4; lastKnownFileType = sourcecode.c.h; path = NZBZaborVM.h; sourceTree = "<group>"; };
		734B0F1F1CBBF58200F35E81 /* NZBZaborVM.m */ = {isa = PBXFileReference; fileEncoding = 4; lastKnownFileType = sourcecode.c.objc; path = NZBZaborVM.m; sourceTree = "<group>"; };
		73C457EB2160DEA5004E71C9 /* Nazabore-Bridging-Header.h */ = {isa = PBXFileReference; lastKnownFileType = sourcecode.c.h; path = "Nazabore-Bridging-Header.h"; sourceTree = "<group>"; };
		73C457EC2160DEA5004E71C9 /* FrameObservingInputAccessoryView.swift */ = {isa = PBXFileReference; lastKnownFileType = sourcecode.swift; path = FrameObservingInputAccessoryView.swift; sourceTree = "<group>"; };
		73C457F22160EF4B004E71C9 /* protocol.pb.swift */ = {isa = PBXFileReference; fileEncoding = 4; lastKnownFileType = sourcecode.swift; path = protocol.pb.swift; sourceTree = "<group>"; };
		73C457F52160F247004E71C9 /* APIService.swift */ = {isa = PBXFileReference; fileEncoding = 4; lastKnownFileType = sourcecode.swift; path = APIService.swift; sourceTree = "<group>"; };
		73C457F72160F435004E71C9 /* Constants.swift */ = {isa = PBXFileReference; fileEncoding = 4; lastKnownFileType = sourcecode.swift; path = Constants.swift; sourceTree = "<group>"; };
		73C457F92160F47D004E71C9 /* UIDevice-Hardware.swift */ = {isa = PBXFileReference; fileEncoding = 4; lastKnownFileType = sourcecode.swift; path = "UIDevice-Hardware.swift"; sourceTree = "<group>"; };
		73C457FB2160F4F5004E71C9 /* CashbackError.swift */ = {isa = PBXFileReference; fileEncoding = 4; lastKnownFileType = sourcecode.swift; path = CashbackError.swift; sourceTree = "<group>"; };
		73C457FD2160F516004E71C9 /* Result.swift */ = {isa = PBXFileReference; fileEncoding = 4; lastKnownFileType = sourcecode.swift; path = Result.swift; sourceTree = "<group>"; };
		73C457FF2160F5B9004E71C9 /* Localization.swift */ = {isa = PBXFileReference; fileEncoding = 4; lastKnownFileType = sourcecode.swift; path = Localization.swift; sourceTree = "<group>"; };
		73C458012160F6EF004E71C9 /* Logger.swift */ = {isa = PBXFileReference; fileEncoding = 4; lastKnownFileType = sourcecode.swift; path = Logger.swift; sourceTree = "<group>"; };
		73C458042160F7B6004E71C9 /* FileManager+ApplicationSettings.swift */ = {isa = PBXFileReference; fileEncoding = 4; lastKnownFileType = sourcecode.swift; path = "FileManager+ApplicationSettings.swift"; sourceTree = "<group>"; };
		73C458062160F7FE004E71C9 /* JSONDecoder+Static.swift */ = {isa = PBXFileReference; fileEncoding = 4; lastKnownFileType = sourcecode.swift; path = "JSONDecoder+Static.swift"; sourceTree = "<group>"; };
		73C458082160F81D004E71C9 /* Aliases.swift */ = {isa = PBXFileReference; fileEncoding = 4; lastKnownFileType = sourcecode.swift; path = Aliases.swift; sourceTree = "<group>"; };
		73C4580A2160F856004E71C9 /* ErrorResponse.swift */ = {isa = PBXFileReference; fileEncoding = 4; lastKnownFileType = sourcecode.swift; path = ErrorResponse.swift; sourceTree = "<group>"; };
		73C4580C2160F8D8004E71C9 /* protocol.proto */ = {isa = PBXFileReference; fileEncoding = 4; lastKnownFileType = sourcecode.protobuf; name = protocol.proto; path = ProtoModels/protocol.proto; sourceTree = SOURCE_ROOT; };
		73C4580E2160FB49004E71C9 /* BoardAnnotation.swift */ = {isa = PBXFileReference; lastKnownFileType = sourcecode.swift; path = BoardAnnotation.swift; sourceTree = "<group>"; };
		7567B220F33F268734041EB8 /* Pods-NazaboreTests.appstore.xcconfig */ = {isa = PBXFileReference; includeInIndex = 1; lastKnownFileType = text.xcconfig; name = "Pods-NazaboreTests.appstore.xcconfig"; path = "Target Support Files/Pods-NazaboreTests/Pods-NazaboreTests.appstore.xcconfig"; sourceTree = "<group>"; };
		A2127FBF57B065C9A165AC55 /* Pods-NazaboreTests.release.xcconfig */ = {isa = PBXFileReference; includeInIndex = 1; lastKnownFileType = text.xcconfig; name = "Pods-NazaboreTests.release.xcconfig"; path = "Target Support Files/Pods-NazaboreTests/Pods-NazaboreTests.release.xcconfig"; sourceTree = "<group>"; };
		CED05A1F99A4062CB0C9AAFC /* Pods-Nazabore.debug.xcconfig */ = {isa = PBXFileReference; includeInIndex = 1; lastKnownFileType = text.xcconfig; name = "Pods-Nazabore.debug.xcconfig"; path = "Target Support Files/Pods-Nazabore/Pods-Nazabore.debug.xcconfig"; sourceTree = "<group>"; };
		D35FA1A7F642E3CBD15993CE /* Pods-NazaboreTests.debug.xcconfig */ = {isa = PBXFileReference; includeInIndex = 1; lastKnownFileType = text.xcconfig; name = "Pods-NazaboreTests.debug.xcconfig"; path = "Target Support Files/Pods-NazaboreTests/Pods-NazaboreTests.debug.xcconfig"; sourceTree = "<group>"; };
		F036605BC02E91AD3EA2A190 /* libPods-NazaboreTests.a */ = {isa = PBXFileReference; explicitFileType = archive.ar; includeInIndex = 0; path = "libPods-NazaboreTests.a"; sourceTree = BUILT_PRODUCTS_DIR; };
		F9C00BAD252C811EAFB53842 /* libPods-Nazabore.a */ = {isa = PBXFileReference; explicitFileType = archive.ar; includeInIndex = 0; path = "libPods-Nazabore.a"; sourceTree = BUILT_PRODUCTS_DIR; };
/* End PBXFileReference section */

/* Begin PBXFrameworksBuildPhase section */
		731B36541C8C05EF0083BFFA /* Frameworks */ = {
			isa = PBXFrameworksBuildPhase;
			buildActionMask = 2147483647;
			files = (
				30E803ED1DA18C0ED1F8F776 /* libPods-Nazabore.a in Frameworks */,
			);
			runOnlyForDeploymentPostprocessing = 0;
		};
		731B366D1C8C05EF0083BFFA /* Frameworks */ = {
			isa = PBXFrameworksBuildPhase;
			buildActionMask = 2147483647;
			files = (
				EB50F43A91185C49AA835A07 /* libPods-NazaboreTests.a in Frameworks */,
			);
			runOnlyForDeploymentPostprocessing = 0;
		};
		731B3CB51C8C33D20083BFFA /* Frameworks */ = {
			isa = PBXFrameworksBuildPhase;
			buildActionMask = 2147483647;
			files = (
				B7B35939EFE626188325A665 /* libPods-UIWrapper.a in Frameworks */,
			);
			runOnlyForDeploymentPostprocessing = 0;
		};
/* End PBXFrameworksBuildPhase section */

/* Begin PBXGroup section */
		37D4ED553500936EB4439CDD /* Frameworks */ = {
			isa = PBXGroup;
			children = (
				F9C00BAD252C811EAFB53842 /* libPods-Nazabore.a */,
				F036605BC02E91AD3EA2A190 /* libPods-NazaboreTests.a */,
				64439F2C4A6137D09DED59B6 /* libPods-UIWrapper.a */,
			);
			name = Frameworks;
			sourceTree = "<group>";
		};
		5A268A96A62A036015018A68 /* Pods */ = {
			isa = PBXGroup;
			children = (
				CED05A1F99A4062CB0C9AAFC /* Pods-Nazabore.debug.xcconfig */,
				53D6359C7E4F19257487119F /* Pods-Nazabore.release.xcconfig */,
				6D6F6CDCD30F6D22B03A1C71 /* Pods-Nazabore.appstore.xcconfig */,
				D35FA1A7F642E3CBD15993CE /* Pods-NazaboreTests.debug.xcconfig */,
				A2127FBF57B065C9A165AC55 /* Pods-NazaboreTests.release.xcconfig */,
				7567B220F33F268734041EB8 /* Pods-NazaboreTests.appstore.xcconfig */,
				3A2ADA7E1895E2677373275F /* Pods-UIWrapper.debug.xcconfig */,
				24F0E766C75BC1D8796E4274 /* Pods-UIWrapper.release.xcconfig */,
				262B99413256D3D6FD282363 /* Pods-UIWrapper.appstore.xcconfig */,
			);
			path = Pods;
			sourceTree = "<group>";
		};
		731B364E1C8C05EF0083BFFA = {
			isa = PBXGroup;
			children = (
				731B36591C8C05EF0083BFFA /* Nazabore */,
				731B36731C8C05EF0083BFFA /* NazaboreTests */,
				731B3CB91C8C33D20083BFFA /* UIWrapper */,
				731B36581C8C05EF0083BFFA /* Products */,
				5A268A96A62A036015018A68 /* Pods */,
				37D4ED553500936EB4439CDD /* Frameworks */,
			);
			sourceTree = "<group>";
		};
		731B36581C8C05EF0083BFFA /* Products */ = {
			isa = PBXGroup;
			children = (
				731B36571C8C05EF0083BFFA /* Nazabore.app */,
				731B36701C8C05EF0083BFFA /* NazaboreTests.xctest */,
				731B3CB81C8C33D20083BFFA /* UIWrapper.app */,
			);
			name = Products;
			sourceTree = "<group>";
		};
		731B36591C8C05EF0083BFFA /* Nazabore */ = {
			isa = PBXGroup;
			children = (
				73C4580C2160F8D8004E71C9 /* protocol.proto */,
				731B365D1C8C05EF0083BFFA /* AppDelegate.h */,
				731B365E1C8C05EF0083BFFA /* AppDelegate.m */,
				73C457F72160F435004E71C9 /* Constants.swift */,
				73C457EB2160DEA5004E71C9 /* Nazabore-Bridging-Header.h */,
				73C457F42160F239004E71C9 /* Services */,
				73C457F12160EF4B004E71C9 /* ProtoModels */,
				731B36DF1C8C1CC80083BFFA /* Models */,
				731B36BA1C8C1B9B0083BFFA /* Utils */,
				731B36A81C8C1AD30083BFFA /* Views */,
				731B36661C8C05EF0083BFFA /* Assets.xcassets */,
				731B366B1C8C05EF0083BFFA /* Info.plist */,
				731B365A1C8C05EF0083BFFA /* Supporting Files */,
			);
			path = Nazabore;
			sourceTree = "<group>";
		};
		731B365A1C8C05EF0083BFFA /* Supporting Files */ = {
			isa = PBXGroup;
			children = (
				731B36AD1C8C1B000083BFFA /* Prefix-Header.h */,
				731B365B1C8C05EF0083BFFA /* main.m */,
				303E09B91C8DCF80008978D6 /* NZBPrivateConstants.m */,
				30F9A8E71CB0296A00446DFE /* Localizable.strings */,
				30F9A8EB1CB02AF100446DFE /* NZBLocalizableConstants.h */,
			);
			name = "Supporting Files";
			sourceTree = "<group>";
		};
		731B36731C8C05EF0083BFFA /* NazaboreTests */ = {
			isa = PBXGroup;
			children = (
				731B3CD21C8C372B0083BFFA /* Prefix-Header.h */,
				734652FF1CB36317004571D7 /* NZBEmojiSelectVMSpec.m */,
				731B36761C8C05EF0083BFFA /* Info.plist */,
				731B3CB21C8C31C10083BFFA /* NSDate+NZBPrettyStringSpec.m */,
			);
			path = NazaboreTests;
			sourceTree = "<group>";
		};
		731B36A81C8C1AD30083BFFA /* Views */ = {
			isa = PBXGroup;
			children = (
				731B36CD1C8C1BE60083BFFA /* Cell */,
				731B36C41C8C1BD40083BFFA /* Views */,
				731B36C31C8C1BBA0083BFFA /* ViewControllers */,
			);
			path = Views;
			sourceTree = "<group>";
		};
		731B36BA1C8C1B9B0083BFFA /* Utils */ = {
			isa = PBXGroup;
			children = (
				73C4580A2160F856004E71C9 /* ErrorResponse.swift */,
				73C458082160F81D004E71C9 /* Aliases.swift */,
				73C458062160F7FE004E71C9 /* JSONDecoder+Static.swift */,
				73C458042160F7B6004E71C9 /* FileManager+ApplicationSettings.swift */,
				73C458012160F6EF004E71C9 /* Logger.swift */,
				73C457FF2160F5B9004E71C9 /* Localization.swift */,
				73C457FB2160F4F5004E71C9 /* CashbackError.swift */,
				73C457F92160F47D004E71C9 /* UIDevice-Hardware.swift */,
				731B36BB1C8C1BA70083BFFA /* UIFont+System.h */,
				731B36BC1C8C1BA70083BFFA /* UIFont+System.m */,
				731B36BD1C8C1BA70083BFFA /* UIColor+System.h */,
				731B36BE1C8C1BA70083BFFA /* UIColor+System.m */,
				731B39CA1C8C2FB90083BFFA /* NSDate+NZBPrettyString.h */,
				731B39CB1C8C2FB90083BFFA /* NSDate+NZBPrettyString.m */,
				307589681C944B76007F6AFA /* NSString+NZBMessageCell.h */,
				307589691C944B76007F6AFA /* NSString+NZBMessageCell.m */,
				3075896B1C944B92007F6AFA /* UIColor+NZBMessageCell.h */,
				3075896C1C944B92007F6AFA /* UIColor+NZBMessageCell.m */,
				3075896E1C948069007F6AFA /* UIBarButtonItem+NZBBarButtonItem.h */,
				3075896F1C948069007F6AFA /* UIBarButtonItem+NZBBarButtonItem.m */,
				7334FE391CAFEA5D00333668 /* NZBAnalytics.h */,
				7334FE3A1CAFEA5D00333668 /* NZBAnalytics.m */,
			);
			path = Utils;
			sourceTree = "<group>";
		};
		731B36C31C8C1BBA0083BFFA /* ViewControllers */ = {
			isa = PBXGroup;
			children = (
				7328B42A1CB91E900051DE0B /* UIViewController+DGSAdditions.h */,
				7328B42B1CB91E900051DE0B /* UIViewController+DGSAdditions.m */,
				7328B4221CB906960051DE0B /* Emoji */,
				731B36AE1C8C1B790083BFFA /* NZBMapVC.h */,
				731B36AF1C8C1B790083BFFA /* NZBMapVC.m */,
				731B36B01C8C1B790083BFFA /* NZBZaborVC.h */,
				731B36B11C8C1B790083BFFA /* NZBZaborVC.m */,
				730E149A21626DC000E4EC08 /* ZaborVC.swift */,
				731B36B21C8C1B790083BFFA /* NZBWriteVC.h */,
				731B36B31C8C1B790083BFFA /* NZBWriteVC.m */,
				731B36A91C8C1AEC0083BFFA /* NZBUserVC.h */,
				731B36AA1C8C1AEC0083BFFA /* NZBUserVC.m */,
			);
			name = ViewControllers;
			sourceTree = "<group>";
		};
		731B36C41C8C1BD40083BFFA /* Views */ = {
			isa = PBXGroup;
			children = (
				731B36C51C8C1BE10083BFFA /* RDRGrowingTextView.h */,
				731B36C61C8C1BE10083BFFA /* RDRGrowingTextView.m */,
				7328B14D1CB554F90051DE0B /* NZBNotifyView.h */,
				7328B14E1CB554F90051DE0B /* NZBNotifyView.m */,
				734650121CB17C37004571D7 /* NZBEmojiView.h */,
				734650131CB17C37004571D7 /* NZBEmojiView.m */,
				73C457EC2160DEA5004E71C9 /* FrameObservingInputAccessoryView.swift */,
			);
			name = Views;
			sourceTree = "<group>";
		};
		731B36CD1C8C1BE60083BFFA /* Cell */ = {
			isa = PBXGroup;
			children = (
				731B36CE1C8C1BF30083BFFA /* NZBMessageCell.h */,
				731B36CF1C8C1BF30083BFFA /* NZBMessageCell.m */,
				731B36D01C8C1BF30083BFFA /* NZBAdsCell.h */,
				731B36D11C8C1BF30083BFFA /* NZBAdsCell.m */,
				30F4CD971CB923D200C1E103 /* NZBPoiCell.h */,
				30F4CD981CB923D200C1E103 /* NZBPoiCell.m */,
				731B36D21C8C1BF30083BFFA /* NZBCellProtocol.h */,
				731B36D31C8C1BF30083BFFA /* NZBAnnotationView.h */,
				731B36D41C8C1BF30083BFFA /* NZBAnnotationView.m */,
				731B36D51C8C1BF30083BFFA /* NZBEmojiCell.h */,
				731B36D61C8C1BF30083BFFA /* NZBEmojiCell.m */,
			);
			name = Cell;
			sourceTree = "<group>";
		};
		731B36DF1C8C1CC80083BFFA /* Models */ = {
			isa = PBXGroup;
			children = (
				73C457FD2160F516004E71C9 /* Result.swift */,
				734650081CB15D31004571D7 /* Emoji */,
				731B36E01C8C1CD70083BFFA /* MZBBoardAnnotation.h */,
				73C4580E2160FB49004E71C9 /* BoardAnnotation.swift */,
				731B36E11C8C1CD70083BFFA /* MZBBoardAnnotation.m */,
				731B36E21C8C1CD70083BFFA /* NZBDataProvider.h */,
				731B36E31C8C1CD70083BFFA /* NZBDataProvider.m */,
				3021D3721CB54452004863A7 /* NZBLocationManager.h */,
				3021D3731CB54452004863A7 /* NZBLocationManager.m */,
				731B3CD51C8C49080083BFFA /* NZBPreferences.h */,
				731B3CD61C8C49080083BFFA /* NZBPreferences.m */,
				734B0F1E1CBBF58200F35E81 /* NZBZaborVM.h */,
				734B0F1F1CBBF58200F35E81 /* NZBZaborVM.m */,
				730E149C21626F1900E4EC08 /* Router.swift */,
			);
			path = Models;
			sourceTree = "<group>";
		};
		731B3CB91C8C33D20083BFFA /* UIWrapper */ = {
			isa = PBXGroup;
			children = (
				731B3CBD1C8C33D20083BFFA /* AppDelegate.h */,
				731B3CBE1C8C33D20083BFFA /* AppDelegate.m */,
				731B3CCB1C8C33D20083BFFA /* Info.plist */,
				731B3CBA1C8C33D20083BFFA /* Supporting Files */,
			);
			path = UIWrapper;
			sourceTree = "<group>";
		};
		731B3CBA1C8C33D20083BFFA /* Supporting Files */ = {
			isa = PBXGroup;
			children = (
				731B3CD11C8C36960083BFFA /* Prefix-Header.h */,
				731B3CBB1C8C33D20083BFFA /* main.m */,
			);
			name = "Supporting Files";
			sourceTree = "<group>";
		};
		7328B4221CB906960051DE0B /* Emoji */ = {
			isa = PBXGroup;
			children = (
				731B36C71C8C1BE10083BFFA /* NZBEmojiSelectVC.h */,
				731B36C81C8C1BE10083BFFA /* NZBEmojiSelectVC.m */,
				7328B4231CB906B90051DE0B /* NZBEmojiPageVC.h */,
				7328B4241CB906B90051DE0B /* NZBEmojiPageVC.m */,
			);
			name = Emoji;
			sourceTree = "<group>";
		};
		734650081CB15D31004571D7 /* Emoji */ = {
			isa = PBXGroup;
			children = (
				734650031CB15D0F004571D7 /* NZBEmojiSelectVM.h */,
				734650041CB15D0F004571D7 /* NZBEmojiSelectVM.m */,
				7328B4261CB90C7F0051DE0B /* NZBEmojiPageVM.h */,
				7328B4271CB90C7F0051DE0B /* NZBEmojiPageVM.m */,
			);
			name = Emoji;
			sourceTree = "<group>";
		};
		73C457F12160EF4B004E71C9 /* ProtoModels */ = {
			isa = PBXGroup;
			children = (
				73C457F22160EF4B004E71C9 /* protocol.pb.swift */,
			);
			path = ProtoModels;
			sourceTree = "<group>";
		};
		73C457F42160F239004E71C9 /* Services */ = {
			isa = PBXGroup;
			children = (
				73C457F52160F247004E71C9 /* APIService.swift */,
			);
			path = Services;
			sourceTree = "<group>";
		};
/* End PBXGroup section */

/* Begin PBXNativeTarget section */
		731B36561C8C05EF0083BFFA /* Nazabore */ = {
			isa = PBXNativeTarget;
			buildConfigurationList = 731B36791C8C05EF0083BFFA /* Build configuration list for PBXNativeTarget "Nazabore" */;
			buildPhases = (
				508C1E24D1DE69B183BCDB14 /* [CP] Check Pods Manifest.lock */,
				731B36531C8C05EF0083BFFA /* Sources */,
				731B36541C8C05EF0083BFFA /* Frameworks */,
				731B36551C8C05EF0083BFFA /* Resources */,
				73AF52861C9D5DFB009FB75A /* Fabric */,
				6FA633C70C02A56C0D3009C7 /* [CP] Copy Pods Resources */,
			);
			buildRules = (
			);
			dependencies = (
			);
			name = Nazabore;
			productName = Nazabore;
			productReference = 731B36571C8C05EF0083BFFA /* Nazabore.app */;
			productType = "com.apple.product-type.application";
		};
		731B366F1C8C05EF0083BFFA /* NazaboreTests */ = {
			isa = PBXNativeTarget;
			buildConfigurationList = 731B367C1C8C05EF0083BFFA /* Build configuration list for PBXNativeTarget "NazaboreTests" */;
			buildPhases = (
				6037914DC5EF2F099E5B59AA /* [CP] Check Pods Manifest.lock */,
				731B366C1C8C05EF0083BFFA /* Sources */,
				731B366D1C8C05EF0083BFFA /* Frameworks */,
				731B366E1C8C05EF0083BFFA /* Resources */,
			);
			buildRules = (
			);
			dependencies = (
				731B36721C8C05EF0083BFFA /* PBXTargetDependency */,
				731B3CD01C8C344C0083BFFA /* PBXTargetDependency */,
			);
			name = NazaboreTests;
			productName = NazaboreTests;
			productReference = 731B36701C8C05EF0083BFFA /* NazaboreTests.xctest */;
			productType = "com.apple.product-type.bundle.unit-test";
		};
		731B3CB71C8C33D20083BFFA /* UIWrapper */ = {
			isa = PBXNativeTarget;
			buildConfigurationList = 731B3CCC1C8C33D20083BFFA /* Build configuration list for PBXNativeTarget "UIWrapper" */;
			buildPhases = (
				37FC4E096CE00D8370F9DC45 /* [CP] Check Pods Manifest.lock */,
				731B3CB41C8C33D20083BFFA /* Sources */,
				731B3CB51C8C33D20083BFFA /* Frameworks */,
				731B3CB61C8C33D20083BFFA /* Resources */,
			);
			buildRules = (
			);
			dependencies = (
			);
			name = UIWrapper;
			productName = UIWrapper;
			productReference = 731B3CB81C8C33D20083BFFA /* UIWrapper.app */;
			productType = "com.apple.product-type.application";
		};
/* End PBXNativeTarget section */

/* Begin PBXProject section */
		731B364F1C8C05EF0083BFFA /* Project object */ = {
			isa = PBXProject;
			attributes = {
				LastUpgradeCheck = 0720;
				ORGANIZATIONNAME = "Eugene Tutuev";
				TargetAttributes = {
					731B36561C8C05EF0083BFFA = {
						CreatedOnToolsVersion = 7.2.1;
						DevelopmentTeam = HJ648XXPWE;
						LastSwiftMigration = 1000;
					};
					731B366F1C8C05EF0083BFFA = {
						CreatedOnToolsVersion = 7.2.1;
						TestTargetID = 731B3CB71C8C33D20083BFFA;
					};
					731B3CB71C8C33D20083BFFA = {
						CreatedOnToolsVersion = 7.2.1;
					};
				};
			};
			buildConfigurationList = 731B36521C8C05EF0083BFFA /* Build configuration list for PBXProject "Nazabore" */;
			compatibilityVersion = "Xcode 3.2";
			developmentRegion = Russian;
			hasScannedForEncodings = 0;
			knownRegions = (
				ru,
				en,
			);
			mainGroup = 731B364E1C8C05EF0083BFFA;
			productRefGroup = 731B36581C8C05EF0083BFFA /* Products */;
			projectDirPath = "";
			projectRoot = "";
			targets = (
				731B36561C8C05EF0083BFFA /* Nazabore */,
				731B3CB71C8C33D20083BFFA /* UIWrapper */,
				731B366F1C8C05EF0083BFFA /* NazaboreTests */,
			);
		};
/* End PBXProject section */

/* Begin PBXResourcesBuildPhase section */
		731B36551C8C05EF0083BFFA /* Resources */ = {
			isa = PBXResourcesBuildPhase;
			buildActionMask = 2147483647;
			files = (
				731B36671C8C05EF0083BFFA /* Assets.xcassets in Resources */,
				30F9A8E51CB0296A00446DFE /* Localizable.strings in Resources */,
			);
			runOnlyForDeploymentPostprocessing = 0;
		};
		731B366E1C8C05EF0083BFFA /* Resources */ = {
			isa = PBXResourcesBuildPhase;
			buildActionMask = 2147483647;
			files = (
				7328B4301CB95B6C0051DE0B /* Assets.xcassets in Resources */,
			);
			runOnlyForDeploymentPostprocessing = 0;
		};
		731B3CB61C8C33D20083BFFA /* Resources */ = {
			isa = PBXResourcesBuildPhase;
			buildActionMask = 2147483647;
			files = (
				7328B4311CB95BD20051DE0B /* Assets.xcassets in Resources */,
			);
			runOnlyForDeploymentPostprocessing = 0;
		};
/* End PBXResourcesBuildPhase section */

/* Begin PBXShellScriptBuildPhase section */
		37FC4E096CE00D8370F9DC45 /* [CP] Check Pods Manifest.lock */ = {
			isa = PBXShellScriptBuildPhase;
			buildActionMask = 2147483647;
			files = (
			);
			inputFileListPaths = (
			);
			inputPaths = (
				"${PODS_PODFILE_DIR_PATH}/Podfile.lock",
				"${PODS_ROOT}/Manifest.lock",
			);
			name = "[CP] Check Pods Manifest.lock";
			outputFileListPaths = (
			);
			outputPaths = (
				"$(DERIVED_FILE_DIR)/Pods-UIWrapper-checkManifestLockResult.txt",
			);
			runOnlyForDeploymentPostprocessing = 0;
			shellPath = /bin/sh;
			shellScript = "diff \"${PODS_PODFILE_DIR_PATH}/Podfile.lock\" \"${PODS_ROOT}/Manifest.lock\" > /dev/null\nif [ $? != 0 ] ; then\n    # print error to STDERR\n    echo \"error: The sandbox is not in sync with the Podfile.lock. Run 'pod install' or update your CocoaPods installation.\" >&2\n    exit 1\nfi\n# This output is used by Xcode 'outputs' to avoid re-running this script phase.\necho \"SUCCESS\" > \"${SCRIPT_OUTPUT_FILE_0}\"\n";
			showEnvVarsInLog = 0;
		};
		508C1E24D1DE69B183BCDB14 /* [CP] Check Pods Manifest.lock */ = {
			isa = PBXShellScriptBuildPhase;
			buildActionMask = 2147483647;
			files = (
			);
			inputFileListPaths = (
			);
			inputPaths = (
				"${PODS_PODFILE_DIR_PATH}/Podfile.lock",
				"${PODS_ROOT}/Manifest.lock",
			);
			name = "[CP] Check Pods Manifest.lock";
			outputFileListPaths = (
			);
			outputPaths = (
				"$(DERIVED_FILE_DIR)/Pods-Nazabore-checkManifestLockResult.txt",
			);
			runOnlyForDeploymentPostprocessing = 0;
			shellPath = /bin/sh;
			shellScript = "diff \"${PODS_PODFILE_DIR_PATH}/Podfile.lock\" \"${PODS_ROOT}/Manifest.lock\" > /dev/null\nif [ $? != 0 ] ; then\n    # print error to STDERR\n    echo \"error: The sandbox is not in sync with the Podfile.lock. Run 'pod install' or update your CocoaPods installation.\" >&2\n    exit 1\nfi\n# This output is used by Xcode 'outputs' to avoid re-running this script phase.\necho \"SUCCESS\" > \"${SCRIPT_OUTPUT_FILE_0}\"\n";
			showEnvVarsInLog = 0;
		};
		6037914DC5EF2F099E5B59AA /* [CP] Check Pods Manifest.lock */ = {
			isa = PBXShellScriptBuildPhase;
			buildActionMask = 2147483647;
			files = (
			);
			inputFileListPaths = (
			);
			inputPaths = (
				"${PODS_PODFILE_DIR_PATH}/Podfile.lock",
				"${PODS_ROOT}/Manifest.lock",
			);
			name = "[CP] Check Pods Manifest.lock";
			outputFileListPaths = (
			);
			outputPaths = (
				"$(DERIVED_FILE_DIR)/Pods-NazaboreTests-checkManifestLockResult.txt",
			);
			runOnlyForDeploymentPostprocessing = 0;
			shellPath = /bin/sh;
			shellScript = "diff \"${PODS_PODFILE_DIR_PATH}/Podfile.lock\" \"${PODS_ROOT}/Manifest.lock\" > /dev/null\nif [ $? != 0 ] ; then\n    # print error to STDERR\n    echo \"error: The sandbox is not in sync with the Podfile.lock. Run 'pod install' or update your CocoaPods installation.\" >&2\n    exit 1\nfi\n# This output is used by Xcode 'outputs' to avoid re-running this script phase.\necho \"SUCCESS\" > \"${SCRIPT_OUTPUT_FILE_0}\"\n";
			showEnvVarsInLog = 0;
		};
		6FA633C70C02A56C0D3009C7 /* [CP] Copy Pods Resources */ = {
			isa = PBXShellScriptBuildPhase;
			buildActionMask = 2147483647;
			files = (
			);
			inputFileListPaths = (
			);
			inputPaths = (
				"${PODS_ROOT}/Target Support Files/Pods-Nazabore/Pods-Nazabore-resources.sh",
				"${PODS_ROOT}/SSKeychain/Support/SSKeychain.bundle",
				"${PODS_ROOT}/XCGLogger/.swift-version",
			);
			name = "[CP] Copy Pods Resources";
			outputFileListPaths = (
			);
			outputPaths = (
				"${TARGET_BUILD_DIR}/${UNLOCALIZED_RESOURCES_FOLDER_PATH}/SSKeychain.bundle",
				"${TARGET_BUILD_DIR}/${UNLOCALIZED_RESOURCES_FOLDER_PATH}/.swift-version",
			);
			runOnlyForDeploymentPostprocessing = 0;
			shellPath = /bin/sh;
			shellScript = "\"${PODS_ROOT}/Target Support Files/Pods-Nazabore/Pods-Nazabore-resources.sh\"\n";
			showEnvVarsInLog = 0;
		};
		73AF52861C9D5DFB009FB75A /* Fabric */ = {
			isa = PBXShellScriptBuildPhase;
			buildActionMask = 2147483647;
			files = (
			);
			inputPaths = (
			);
			name = Fabric;
			outputPaths = (
			);
			runOnlyForDeploymentPostprocessing = 0;
			shellPath = /bin/sh;
			shellScript = "echo \">>>>${CONFIGURATION}\"\n\nif [ \"AppStore\" = \"${CONFIGURATION}\" ]; then\necho \"Running Crashlytics\"\n\"${PODS_ROOT}/Fabric/run\" 1ea87b52b1d0946ed506dcc3bd5b586f422bf03a 24581047190989dd3b32483cd77da4a030cb7d2ed58171c008823f918c327652\nfi";
		};
/* End PBXShellScriptBuildPhase section */

/* Begin PBXSourcesBuildPhase section */
		731B36531C8C05EF0083BFFA /* Sources */ = {
			isa = PBXSourcesBuildPhase;
			buildActionMask = 2147483647;
			files = (
				7328B14F1CB554F90051DE0B /* NZBNotifyView.m in Sources */,
				73C457F62160F247004E71C9 /* APIService.swift in Sources */,
				7328B4251CB906B90051DE0B /* NZBEmojiPageVC.m in Sources */,
				731B36C11C8C1BA70083BFFA /* UIColor+System.m in Sources */,
				731B36D91C8C1BF30083BFFA /* NZBAdsCell.m in Sources */,
				73C457ED2160DEA5004E71C9 /* FrameObservingInputAccessoryView.swift in Sources */,
				73C458002160F5B9004E71C9 /* Localization.swift in Sources */,
				731B39CC1C8C2FB90083BFFA /* NSDate+NZBPrettyString.m in Sources */,
				734650141CB17C37004571D7 /* NZBEmojiView.m in Sources */,
				73C458052160F7B6004E71C9 /* FileManager+ApplicationSettings.swift in Sources */,
				73C458072160F7FE004E71C9 /* JSONDecoder+Static.swift in Sources */,
				731B365F1C8C05EF0083BFFA /* AppDelegate.m in Sources */,
				731B36D71C8C1BF30083BFFA /* NZBMessageCell.m in Sources */,
				731B36C91C8C1BE10083BFFA /* RDRGrowingTextView.m in Sources */,
				73C458092160F81D004E71C9 /* Aliases.swift in Sources */,
				73C4580B2160F856004E71C9 /* ErrorResponse.swift in Sources */,
				734650051CB15D0F004571D7 /* NZBEmojiSelectVM.m in Sources */,
				307589701C948069007F6AFA /* UIBarButtonItem+NZBBarButtonItem.m in Sources */,
				3075896D1C944B92007F6AFA /* UIColor+NZBMessageCell.m in Sources */,
				731B36B81C8C1B790083BFFA /* NZBWriteVC.m in Sources */,
				731B36B61C8C1B790083BFFA /* NZBZaborVC.m in Sources */,
				731B36DD1C8C1BF30083BFFA /* NZBEmojiCell.m in Sources */,
				731B3CD71C8C49080083BFFA /* NZBPreferences.m in Sources */,
				7334FE3B1CAFEA5D00333668 /* NZBAnalytics.m in Sources */,
				73C458022160F6EF004E71C9 /* Logger.swift in Sources */,
				731B365C1C8C05EF0083BFFA /* main.m in Sources */,
				731B36B41C8C1B790083BFFA /* NZBMapVC.m in Sources */,
				731B36E41C8C1CD70083BFFA /* MZBBoardAnnotation.m in Sources */,
				731B36E61C8C1CD70083BFFA /* NZBDataProvider.m in Sources */,
				734B0F201CBBF58200F35E81 /* NZBZaborVM.m in Sources */,
				730E149B21626DC000E4EC08 /* ZaborVC.swift in Sources */,
				73C457FC2160F4F5004E71C9 /* CashbackError.swift in Sources */,
				7328B4281CB90C7F0051DE0B /* NZBEmojiPageVM.m in Sources */,
				303E09BA1C8DCF80008978D6 /* NZBPrivateConstants.m in Sources */,
				73C457FE2160F516004E71C9 /* Result.swift in Sources */,
				731B36AB1C8C1AEC0083BFFA /* NZBUserVC.m in Sources */,
				7328B42C1CB91E900051DE0B /* UIViewController+DGSAdditions.m in Sources */,
				73C457FA2160F47D004E71C9 /* UIDevice-Hardware.swift in Sources */,
				731B36CB1C8C1BE10083BFFA /* NZBEmojiSelectVC.m in Sources */,
				731B36BF1C8C1BA70083BFFA /* UIFont+System.m in Sources */,
				730E149D21626F1900E4EC08 /* Router.swift in Sources */,
				73C4580F2160FB49004E71C9 /* BoardAnnotation.swift in Sources */,
				3021D3741CB54452004863A7 /* NZBLocationManager.m in Sources */,
				731B36DB1C8C1BF30083BFFA /* NZBAnnotationView.m in Sources */,
				30F4CD991CB923D200C1E103 /* NZBPoiCell.m in Sources */,
				73C457F32160EF4B004E71C9 /* protocol.pb.swift in Sources */,
				3075896A1C944B76007F6AFA /* NSString+NZBMessageCell.m in Sources */,
				73C457F82160F435004E71C9 /* Constants.swift in Sources */,
			);
			runOnlyForDeploymentPostprocessing = 0;
		};
		731B366C1C8C05EF0083BFFA /* Sources */ = {
			isa = PBXSourcesBuildPhase;
			buildActionMask = 2147483647;
			files = (
				731B36AC1C8C1AEC0083BFFA /* NZBUserVC.m in Sources */,
				734653001CB36317004571D7 /* NZBEmojiSelectVMSpec.m in Sources */,
				734B0F211CBBF58300F35E81 /* NZBZaborVM.m in Sources */,
				731B39CD1C8C2FB90083BFFA /* NSDate+NZBPrettyString.m in Sources */,
				7328B42D1CB954D50051DE0B /* NZBEmojiSelectVM.m in Sources */,
				731B3CD41C8C37990083BFFA /* AppDelegate.m in Sources */,
				731B3D301C8DDD020083BFFA /* NZBPrivateConstants.m in Sources */,
				731B3CB31C8C31C10083BFFA /* NSDate+NZBPrettyStringSpec.m in Sources */,
				731B36C21C8C1BA70083BFFA /* UIColor+System.m in Sources */,
				731B36E71C8C1CD70083BFFA /* NZBDataProvider.m in Sources */,
				7328B42E1CB954EF0051DE0B /* NZBEmojiPageVM.m in Sources */,
				731B36C01C8C1BA70083BFFA /* UIFont+System.m in Sources */,
				7328B42F1CB954F90051DE0B /* NZBEmojiCell.m in Sources */,
				731B36E51C8C1CD70083BFFA /* MZBBoardAnnotation.m in Sources */,
			);
			runOnlyForDeploymentPostprocessing = 0;
		};
		731B3CB41C8C33D20083BFFA /* Sources */ = {
			isa = PBXSourcesBuildPhase;
			buildActionMask = 2147483647;
			files = (
				731B3CBF1C8C33D20083BFFA /* AppDelegate.m in Sources */,
				731B3D311C8DDD0F0083BFFA /* NZBPrivateConstants.m in Sources */,
				731B3CBC1C8C33D20083BFFA /* main.m in Sources */,
				734650151CB17C37004571D7 /* NZBEmojiView.m in Sources */,
			);
			runOnlyForDeploymentPostprocessing = 0;
		};
/* End PBXSourcesBuildPhase section */

/* Begin PBXTargetDependency section */
		731B36721C8C05EF0083BFFA /* PBXTargetDependency */ = {
			isa = PBXTargetDependency;
			target = 731B36561C8C05EF0083BFFA /* Nazabore */;
			targetProxy = 731B36711C8C05EF0083BFFA /* PBXContainerItemProxy */;
		};
		731B3CD01C8C344C0083BFFA /* PBXTargetDependency */ = {
			isa = PBXTargetDependency;
			target = 731B3CB71C8C33D20083BFFA /* UIWrapper */;
			targetProxy = 731B3CCF1C8C344C0083BFFA /* PBXContainerItemProxy */;
		};
/* End PBXTargetDependency section */

/* Begin PBXVariantGroup section */
		30F9A8E71CB0296A00446DFE /* Localizable.strings */ = {
			isa = PBXVariantGroup;
			children = (
				30F9A8E91CB029BD00446DFE /* ru */,
				7334FE441CB0C98000333668 /* en */,
			);
			name = Localizable.strings;
			sourceTree = "<group>";
		};
/* End PBXVariantGroup section */

/* Begin XCBuildConfiguration section */
		731B36771C8C05EF0083BFFA /* Debug */ = {
			isa = XCBuildConfiguration;
			buildSettings = {
				ALWAYS_SEARCH_USER_PATHS = NO;
				CLANG_CXX_LANGUAGE_STANDARD = "gnu++0x";
				CLANG_CXX_LIBRARY = "libc++";
				CLANG_ENABLE_MODULES = YES;
				CLANG_ENABLE_OBJC_ARC = YES;
				CLANG_WARN_BOOL_CONVERSION = YES;
				CLANG_WARN_CONSTANT_CONVERSION = YES;
				CLANG_WARN_DIRECT_OBJC_ISA_USAGE = YES_ERROR;
				CLANG_WARN_EMPTY_BODY = YES;
				CLANG_WARN_ENUM_CONVERSION = YES;
				CLANG_WARN_INT_CONVERSION = YES;
				CLANG_WARN_OBJC_ROOT_CLASS = YES_ERROR;
				CLANG_WARN_UNREACHABLE_CODE = YES;
				CLANG_WARN__DUPLICATE_METHOD_MATCH = YES;
				"CODE_SIGN_IDENTITY[sdk=iphoneos*]" = "iPhone Developer";
				COPY_PHASE_STRIP = NO;
				DEBUG_INFORMATION_FORMAT = dwarf;
				ENABLE_STRICT_OBJC_MSGSEND = YES;
				ENABLE_TESTABILITY = YES;
				GCC_C_LANGUAGE_STANDARD = gnu99;
				GCC_DYNAMIC_NO_PIC = NO;
				GCC_NO_COMMON_BLOCKS = YES;
				GCC_OPTIMIZATION_LEVEL = 0;
				GCC_PREPROCESSOR_DEFINITIONS = (
					"DEBUG=1",
					"$(inherited)",
				);
				GCC_WARN_64_TO_32_BIT_CONVERSION = YES;
				GCC_WARN_ABOUT_RETURN_TYPE = YES_ERROR;
				GCC_WARN_UNDECLARED_SELECTOR = YES;
				GCC_WARN_UNINITIALIZED_AUTOS = YES_AGGRESSIVE;
				GCC_WARN_UNUSED_FUNCTION = YES;
				GCC_WARN_UNUSED_VARIABLE = YES;
				IPHONEOS_DEPLOYMENT_TARGET = 9.2;
				MTL_ENABLE_DEBUG_INFO = YES;
				ONLY_ACTIVE_ARCH = YES;
				SDKROOT = iphoneos;
			};
			name = Debug;
		};
		731B36781C8C05EF0083BFFA /* Release */ = {
			isa = XCBuildConfiguration;
			buildSettings = {
				ALWAYS_SEARCH_USER_PATHS = NO;
				CLANG_CXX_LANGUAGE_STANDARD = "gnu++0x";
				CLANG_CXX_LIBRARY = "libc++";
				CLANG_ENABLE_MODULES = YES;
				CLANG_ENABLE_OBJC_ARC = YES;
				CLANG_WARN_BOOL_CONVERSION = YES;
				CLANG_WARN_CONSTANT_CONVERSION = YES;
				CLANG_WARN_DIRECT_OBJC_ISA_USAGE = YES_ERROR;
				CLANG_WARN_EMPTY_BODY = YES;
				CLANG_WARN_ENUM_CONVERSION = YES;
				CLANG_WARN_INT_CONVERSION = YES;
				CLANG_WARN_OBJC_ROOT_CLASS = YES_ERROR;
				CLANG_WARN_UNREACHABLE_CODE = YES;
				CLANG_WARN__DUPLICATE_METHOD_MATCH = YES;
				"CODE_SIGN_IDENTITY[sdk=iphoneos*]" = "iPhone Developer";
				COPY_PHASE_STRIP = NO;
				DEBUG_INFORMATION_FORMAT = "dwarf-with-dsym";
				ENABLE_NS_ASSERTIONS = NO;
				ENABLE_STRICT_OBJC_MSGSEND = YES;
				GCC_C_LANGUAGE_STANDARD = gnu99;
				GCC_NO_COMMON_BLOCKS = YES;
				GCC_WARN_64_TO_32_BIT_CONVERSION = YES;
				GCC_WARN_ABOUT_RETURN_TYPE = YES_ERROR;
				GCC_WARN_UNDECLARED_SELECTOR = YES;
				GCC_WARN_UNINITIALIZED_AUTOS = YES_AGGRESSIVE;
				GCC_WARN_UNUSED_FUNCTION = YES;
				GCC_WARN_UNUSED_VARIABLE = YES;
				IPHONEOS_DEPLOYMENT_TARGET = 9.2;
				MTL_ENABLE_DEBUG_INFO = NO;
				SDKROOT = iphoneos;
				VALIDATE_PRODUCT = YES;
			};
			name = Release;
		};
		731B367A1C8C05EF0083BFFA /* Debug */ = {
			isa = XCBuildConfiguration;
			baseConfigurationReference = CED05A1F99A4062CB0C9AAFC /* Pods-Nazabore.debug.xcconfig */;
			buildSettings = {
				ASSETCATALOG_COMPILER_APPICON_NAME = AppIcon;
				ASSETCATALOG_COMPILER_LAUNCHIMAGE_NAME = LaunchImage;
				CLANG_ENABLE_MODULES = YES;
				CODE_SIGN_IDENTITY = "iPhone Developer";
				"CODE_SIGN_IDENTITY[sdk=iphoneos*]" = "iPhone Developer";
				GCC_PREFIX_HEADER = "Nazabore/Prefix-Header.h";
				INFOPLIST_FILE = Nazabore/Info.plist;
				IPHONEOS_DEPLOYMENT_TARGET = 8.0;
				LD_RUNPATH_SEARCH_PATHS = "$(inherited) @executable_path/Frameworks";
				LIBRARY_SEARCH_PATHS = "$(inherited)";
				OTHER_CPLUSPLUSFLAGS = (
					"$(inherited)",
					"$(OTHER_CFLAGS)",
				);
				PRODUCT_BUNDLE_IDENTIFIER = xyz.nazabore.Nazabore;
				PRODUCT_NAME = "$(TARGET_NAME)";
				PROVISIONING_PROFILE = "";
				SWIFT_OBJC_BRIDGING_HEADER = "Nazabore/Nazabore-Bridging-Header.h";
				SWIFT_OPTIMIZATION_LEVEL = "-Onone";
				SWIFT_VERSION = 4.2;
			};
			name = Debug;
		};
		731B367B1C8C05EF0083BFFA /* Release */ = {
			isa = XCBuildConfiguration;
			baseConfigurationReference = 53D6359C7E4F19257487119F /* Pods-Nazabore.release.xcconfig */;
			buildSettings = {
				ASSETCATALOG_COMPILER_APPICON_NAME = AppIcon;
				ASSETCATALOG_COMPILER_LAUNCHIMAGE_NAME = LaunchImage;
				CLANG_ENABLE_MODULES = YES;
				CODE_SIGN_IDENTITY = "iPhone Developer";
				"CODE_SIGN_IDENTITY[sdk=iphoneos*]" = "iPhone Developer";
				GCC_PREFIX_HEADER = "Nazabore/Prefix-Header.h";
				INFOPLIST_FILE = Nazabore/Info.plist;
				IPHONEOS_DEPLOYMENT_TARGET = 8.0;
				LD_RUNPATH_SEARCH_PATHS = "$(inherited) @executable_path/Frameworks";
				LIBRARY_SEARCH_PATHS = "$(inherited)";
				OTHER_CPLUSPLUSFLAGS = (
					"$(inherited)",
					"$(OTHER_CFLAGS)",
				);
				PRODUCT_BUNDLE_IDENTIFIER = xyz.nazabore.Nazabore;
				PRODUCT_NAME = "$(TARGET_NAME)";
				PROVISIONING_PROFILE = "";
				SWIFT_OBJC_BRIDGING_HEADER = "Nazabore/Nazabore-Bridging-Header.h";
				SWIFT_VERSION = 4.2;
			};
			name = Release;
		};
		731B367D1C8C05EF0083BFFA /* Debug */ = {
			isa = XCBuildConfiguration;
			baseConfigurationReference = D35FA1A7F642E3CBD15993CE /* Pods-NazaboreTests.debug.xcconfig */;
			buildSettings = {
				ALWAYS_EMBED_SWIFT_STANDARD_LIBRARIES = YES;
				BUNDLE_LOADER = "$(TEST_HOST)";
				GCC_PREFIX_HEADER = "NazaboreTests/Prefix-Header.h";
				INFOPLIST_FILE = NazaboreTests/Info.plist;
				LD_RUNPATH_SEARCH_PATHS = "$(inherited) @executable_path/Frameworks @loader_path/Frameworks";
				PRODUCT_BUNDLE_IDENTIFIER = xyz.nazabore.NazaboreTests;
				PRODUCT_NAME = "$(TARGET_NAME)";
				TEST_HOST = "$(BUILT_PRODUCTS_DIR)/UIWrapper.app/UIWrapper";
			};
			name = Debug;
		};
		731B367E1C8C05EF0083BFFA /* Release */ = {
			isa = XCBuildConfiguration;
			baseConfigurationReference = A2127FBF57B065C9A165AC55 /* Pods-NazaboreTests.release.xcconfig */;
			buildSettings = {
				ALWAYS_EMBED_SWIFT_STANDARD_LIBRARIES = YES;
				BUNDLE_LOADER = "$(TEST_HOST)";
				GCC_PREFIX_HEADER = "NazaboreTests/Prefix-Header.h";
				INFOPLIST_FILE = NazaboreTests/Info.plist;
				LD_RUNPATH_SEARCH_PATHS = "$(inherited) @executable_path/Frameworks @loader_path/Frameworks";
				PRODUCT_BUNDLE_IDENTIFIER = xyz.nazabore.NazaboreTests;
				PRODUCT_NAME = "$(TARGET_NAME)";
				TEST_HOST = "$(BUILT_PRODUCTS_DIR)/UIWrapper.app/UIWrapper";
			};
			name = Release;
		};
		731B3CCD1C8C33D20083BFFA /* Debug */ = {
			isa = XCBuildConfiguration;
			baseConfigurationReference = 3A2ADA7E1895E2677373275F /* Pods-UIWrapper.debug.xcconfig */;
			buildSettings = {
				GCC_PREFIX_HEADER = "UIWrapper/Prefix-Header.h";
				INFOPLIST_FILE = UIWrapper/Info.plist;
				IPHONEOS_DEPLOYMENT_TARGET = 8.0;
				LD_RUNPATH_SEARCH_PATHS = "$(inherited) @executable_path/Frameworks";
				PRODUCT_BUNDLE_IDENTIFIER = xyz.nazabore.UIWrapper;
				PRODUCT_NAME = "$(TARGET_NAME)";
			};
			name = Debug;
		};
		731B3CCE1C8C33D20083BFFA /* Release */ = {
			isa = XCBuildConfiguration;
			baseConfigurationReference = 24F0E766C75BC1D8796E4274 /* Pods-UIWrapper.release.xcconfig */;
			buildSettings = {
				GCC_PREFIX_HEADER = "UIWrapper/Prefix-Header.h";
				INFOPLIST_FILE = UIWrapper/Info.plist;
				IPHONEOS_DEPLOYMENT_TARGET = 8.0;
				LD_RUNPATH_SEARCH_PATHS = "$(inherited) @executable_path/Frameworks";
				PRODUCT_BUNDLE_IDENTIFIER = xyz.nazabore.UIWrapper;
				PRODUCT_NAME = "$(TARGET_NAME)";
			};
			name = Release;
		};
		73AF52971C9D617B009FB75A /* AppStore */ = {
			isa = XCBuildConfiguration;
			buildSettings = {
				ALWAYS_SEARCH_USER_PATHS = NO;
				CLANG_CXX_LANGUAGE_STANDARD = "gnu++0x";
				CLANG_CXX_LIBRARY = "libc++";
				CLANG_ENABLE_MODULES = YES;
				CLANG_ENABLE_OBJC_ARC = YES;
				CLANG_WARN_BOOL_CONVERSION = YES;
				CLANG_WARN_CONSTANT_CONVERSION = YES;
				CLANG_WARN_DIRECT_OBJC_ISA_USAGE = YES_ERROR;
				CLANG_WARN_EMPTY_BODY = YES;
				CLANG_WARN_ENUM_CONVERSION = YES;
				CLANG_WARN_INT_CONVERSION = YES;
				CLANG_WARN_OBJC_ROOT_CLASS = YES_ERROR;
				CLANG_WARN_UNREACHABLE_CODE = YES;
				CLANG_WARN__DUPLICATE_METHOD_MATCH = YES;
				"CODE_SIGN_IDENTITY[sdk=iphoneos*]" = "iPhone Developer";
				COPY_PHASE_STRIP = NO;
				DEBUG_INFORMATION_FORMAT = "dwarf-with-dsym";
				ENABLE_NS_ASSERTIONS = NO;
				ENABLE_STRICT_OBJC_MSGSEND = YES;
				GCC_C_LANGUAGE_STANDARD = gnu99;
				GCC_NO_COMMON_BLOCKS = YES;
				GCC_WARN_64_TO_32_BIT_CONVERSION = YES;
				GCC_WARN_ABOUT_RETURN_TYPE = YES_ERROR;
				GCC_WARN_UNDECLARED_SELECTOR = YES;
				GCC_WARN_UNINITIALIZED_AUTOS = YES_AGGRESSIVE;
				GCC_WARN_UNUSED_FUNCTION = YES;
				GCC_WARN_UNUSED_VARIABLE = YES;
				IPHONEOS_DEPLOYMENT_TARGET = 9.2;
				MTL_ENABLE_DEBUG_INFO = NO;
				SDKROOT = iphoneos;
				VALIDATE_PRODUCT = YES;
			};
			name = AppStore;
		};
		73AF52981C9D617B009FB75A /* AppStore */ = {
			isa = XCBuildConfiguration;
			baseConfigurationReference = 6D6F6CDCD30F6D22B03A1C71 /* Pods-Nazabore.appstore.xcconfig */;
			buildSettings = {
				ASSETCATALOG_COMPILER_APPICON_NAME = AppIcon;
				ASSETCATALOG_COMPILER_LAUNCHIMAGE_NAME = LaunchImage;
				CLANG_ENABLE_MODULES = YES;
				CODE_SIGN_IDENTITY = "iPhone Developer";
				"CODE_SIGN_IDENTITY[sdk=iphoneos*]" = "iPhone Developer";
				GCC_PREFIX_HEADER = "Nazabore/Prefix-Header.h";
				INFOPLIST_FILE = Nazabore/Info.plist;
				IPHONEOS_DEPLOYMENT_TARGET = 8.0;
				LD_RUNPATH_SEARCH_PATHS = "$(inherited) @executable_path/Frameworks";
				LIBRARY_SEARCH_PATHS = "$(inherited)";
				OTHER_CPLUSPLUSFLAGS = (
					"$(inherited)",
					"$(OTHER_CFLAGS)",
				);
				PRODUCT_BUNDLE_IDENTIFIER = xyz.nazabore.Nazabore;
				PRODUCT_NAME = "$(TARGET_NAME)";
				PROVISIONING_PROFILE = "";
				SWIFT_OBJC_BRIDGING_HEADER = "Nazabore/Nazabore-Bridging-Header.h";
				SWIFT_VERSION = 4.2;
			};
			name = AppStore;
		};
		73AF52991C9D617B009FB75A /* AppStore */ = {
			isa = XCBuildConfiguration;
			baseConfigurationReference = 262B99413256D3D6FD282363 /* Pods-UIWrapper.appstore.xcconfig */;
			buildSettings = {
				GCC_PREFIX_HEADER = "UIWrapper/Prefix-Header.h";
				INFOPLIST_FILE = UIWrapper/Info.plist;
				IPHONEOS_DEPLOYMENT_TARGET = 8.0;
				LD_RUNPATH_SEARCH_PATHS = "$(inherited) @executable_path/Frameworks";
				PRODUCT_BUNDLE_IDENTIFIER = xyz.nazabore.UIWrapper;
				PRODUCT_NAME = "$(TARGET_NAME)";
			};
			name = AppStore;
		};
		73AF529A1C9D617B009FB75A /* AppStore */ = {
			isa = XCBuildConfiguration;
			baseConfigurationReference = 7567B220F33F268734041EB8 /* Pods-NazaboreTests.appstore.xcconfig */;
			buildSettings = {
				ALWAYS_EMBED_SWIFT_STANDARD_LIBRARIES = YES;
				BUNDLE_LOADER = "$(TEST_HOST)";
				GCC_PREFIX_HEADER = "NazaboreTests/Prefix-Header.h";
				INFOPLIST_FILE = NazaboreTests/Info.plist;
				LD_RUNPATH_SEARCH_PATHS = "$(inherited) @executable_path/Frameworks @loader_path/Frameworks";
				PRODUCT_BUNDLE_IDENTIFIER = xyz.nazabore.NazaboreTests;
				PRODUCT_NAME = "$(TARGET_NAME)";
				TEST_HOST = "$(BUILT_PRODUCTS_DIR)/UIWrapper.app/UIWrapper";
			};
			name = AppStore;
		};
/* End XCBuildConfiguration section */

/* Begin XCConfigurationList section */
		731B36521C8C05EF0083BFFA /* Build configuration list for PBXProject "Nazabore" */ = {
			isa = XCConfigurationList;
			buildConfigurations = (
				731B36771C8C05EF0083BFFA /* Debug */,
				731B36781C8C05EF0083BFFA /* Release */,
				73AF52971C9D617B009FB75A /* AppStore */,
			);
			defaultConfigurationIsVisible = 0;
			defaultConfigurationName = Release;
		};
		731B36791C8C05EF0083BFFA /* Build configuration list for PBXNativeTarget "Nazabore" */ = {
			isa = XCConfigurationList;
			buildConfigurations = (
				731B367A1C8C05EF0083BFFA /* Debug */,
				731B367B1C8C05EF0083BFFA /* Release */,
				73AF52981C9D617B009FB75A /* AppStore */,
			);
			defaultConfigurationIsVisible = 0;
			defaultConfigurationName = Release;
		};
		731B367C1C8C05EF0083BFFA /* Build configuration list for PBXNativeTarget "NazaboreTests" */ = {
			isa = XCConfigurationList;
			buildConfigurations = (
				731B367D1C8C05EF0083BFFA /* Debug */,
				731B367E1C8C05EF0083BFFA /* Release */,
				73AF529A1C9D617B009FB75A /* AppStore */,
			);
			defaultConfigurationIsVisible = 0;
			defaultConfigurationName = Release;
		};
		731B3CCC1C8C33D20083BFFA /* Build configuration list for PBXNativeTarget "UIWrapper" */ = {
			isa = XCConfigurationList;
			buildConfigurations = (
				731B3CCD1C8C33D20083BFFA /* Debug */,
				731B3CCE1C8C33D20083BFFA /* Release */,
				73AF52991C9D617B009FB75A /* AppStore */,
			);
			defaultConfigurationIsVisible = 0;
			defaultConfigurationName = Release;
		};
/* End XCConfigurationList section */
	};
	rootObject = 731B364F1C8C05EF0083BFFA /* Project object */;
}
