// !$*UTF8*$!
{
	archiveVersion = 1;
	classes = {
	};
	objectVersion = 46;
	objects = {

/* Begin PBXBuildFile section */
		6AF96E8EBF6968A848A149BB /* libPods-NZBLibraryDemo.a in Frameworks */ = {isa = PBXBuildFile; fileRef = ACD8DD8F6947430A2C1BE7E2 /* libPods-NZBLibraryDemo.a */; };
		731B3D091C8C559E0083BFFA /* main.m in Sources */ = {isa = PBXBuildFile; fileRef = 731B3D081C8C559E0083BFFA /* main.m */; };
		731B3D0C1C8C559E0083BFFA /* AppDelegate.m in Sources */ = {isa = PBXBuildFile; fileRef = 731B3D0B1C8C559E0083BFFA /* AppDelegate.m */; };
		731B3D0F1C8C559E0083BFFA /* ViewController.m in Sources */ = {isa = PBXBuildFile; fileRef = 731B3D0E1C8C559E0083BFFA /* ViewController.m */; };
		731B3D121C8C559E0083BFFA /* Main.storyboard in Resources */ = {isa = PBXBuildFile; fileRef = 731B3D101C8C559E0083BFFA /* Main.storyboard */; };
		731B3D141C8C559E0083BFFA /* Assets.xcassets in Resources */ = {isa = PBXBuildFile; fileRef = 731B3D131C8C559E0083BFFA /* Assets.xcassets */; };
		731B3D171C8C559E0083BFFA /* LaunchScreen.storyboard in Resources */ = {isa = PBXBuildFile; fileRef = 731B3D151C8C559E0083BFFA /* LaunchScreen.storyboard */; };
		731B3D2F1C8DD9C50083BFFA /* NZBMessageSpec.m in Sources */ = {isa = PBXBuildFile; fileRef = 731B3D2E1C8DD9C50083BFFA /* NZBMessageSpec.m */; };
		AA939D97A4D0747074DC9E86 /* libPods-NZBLibraryDemoTests.a in Frameworks */ = {isa = PBXBuildFile; fileRef = 03F57417BE92502BA5BDDA89 /* libPods-NZBLibraryDemoTests.a */; };
/* End PBXBuildFile section */

/* Begin PBXContainerItemProxy section */
		731B3D1E1C8C559E0083BFFA /* PBXContainerItemProxy */ = {
			isa = PBXContainerItemProxy;
			containerPortal = 731B3CFC1C8C559E0083BFFA /* Project object */;
			proxyType = 1;
			remoteGlobalIDString = 731B3D031C8C559E0083BFFA;
			remoteInfo = NZBLibraryDemo;
		};
/* End PBXContainerItemProxy section */

/* Begin PBXFileReference section */
		03F57417BE92502BA5BDDA89 /* libPods-NZBLibraryDemoTests.a */ = {isa = PBXFileReference; explicitFileType = archive.ar; includeInIndex = 0; path = "libPods-NZBLibraryDemoTests.a"; sourceTree = BUILT_PRODUCTS_DIR; };
		0FBC993E392F71D538B371A2 /* Pods-NZBLibraryDemoTests.release.xcconfig */ = {isa = PBXFileReference; includeInIndex = 1; lastKnownFileType = text.xcconfig; name = "Pods-NZBLibraryDemoTests.release.xcconfig"; path = "../../Pods/Target Support Files/Pods-NZBLibraryDemoTests/Pods-NZBLibraryDemoTests.release.xcconfig"; sourceTree = "<group>"; };
		311FC0062200E466830AFED8 /* Pods-NZBLibraryDemo.release.xcconfig */ = {isa = PBXFileReference; includeInIndex = 1; lastKnownFileType = text.xcconfig; name = "Pods-NZBLibraryDemo.release.xcconfig"; path = "../../Pods/Target Support Files/Pods-NZBLibraryDemo/Pods-NZBLibraryDemo.release.xcconfig"; sourceTree = "<group>"; };
		731B3D041C8C559E0083BFFA /* NZBLibraryDemo.app */ = {isa = PBXFileReference; explicitFileType = wrapper.application; includeInIndex = 0; path = NZBLibraryDemo.app; sourceTree = BUILT_PRODUCTS_DIR; };
		731B3D081C8C559E0083BFFA /* main.m */ = {isa = PBXFileReference; lastKnownFileType = sourcecode.c.objc; path = main.m; sourceTree = "<group>"; };
		731B3D0A1C8C559E0083BFFA /* AppDelegate.h */ = {isa = PBXFileReference; lastKnownFileType = sourcecode.c.h; path = AppDelegate.h; sourceTree = "<group>"; };
		731B3D0B1C8C559E0083BFFA /* AppDelegate.m */ = {isa = PBXFileReference; lastKnownFileType = sourcecode.c.objc; path = AppDelegate.m; sourceTree = "<group>"; };
		731B3D0D1C8C559E0083BFFA /* ViewController.h */ = {isa = PBXFileReference; lastKnownFileType = sourcecode.c.h; path = ViewController.h; sourceTree = "<group>"; };
		731B3D0E1C8C559E0083BFFA /* ViewController.m */ = {isa = PBXFileReference; lastKnownFileType = sourcecode.c.objc; path = ViewController.m; sourceTree = "<group>"; };
		731B3D111C8C559E0083BFFA /* Base */ = {isa = PBXFileReference; lastKnownFileType = file.storyboard; name = Base; path = Base.lproj/Main.storyboard; sourceTree = "<group>"; };
		731B3D131C8C559E0083BFFA /* Assets.xcassets */ = {isa = PBXFileReference; lastKnownFileType = folder.assetcatalog; path = Assets.xcassets; sourceTree = "<group>"; };
		731B3D161C8C559E0083BFFA /* Base */ = {isa = PBXFileReference; lastKnownFileType = file.storyboard; name = Base; path = Base.lproj/LaunchScreen.storyboard; sourceTree = "<group>"; };
		731B3D181C8C559E0083BFFA /* Info.plist */ = {isa = PBXFileReference; lastKnownFileType = text.plist.xml; path = Info.plist; sourceTree = "<group>"; };
		731B3D1D1C8C559E0083BFFA /* NZBLibraryDemoTests.xctest */ = {isa = PBXFileReference; explicitFileType = wrapper.cfbundle; includeInIndex = 0; path = NZBLibraryDemoTests.xctest; sourceTree = BUILT_PRODUCTS_DIR; };
		731B3D231C8C559E0083BFFA /* Info.plist */ = {isa = PBXFileReference; lastKnownFileType = text.plist.xml; path = Info.plist; sourceTree = "<group>"; };
		731B3D2E1C8DD9C50083BFFA /* NZBMessageSpec.m */ = {isa = PBXFileReference; fileEncoding = 4; lastKnownFileType = sourcecode.c.objc; path = NZBMessageSpec.m; sourceTree = "<group>"; };
		731B3D321C8DE0290083BFFA /* Prefix-Header.h */ = {isa = PBXFileReference; lastKnownFileType = sourcecode.c.h; path = "Prefix-Header.h"; sourceTree = "<group>"; };
		ACD8DD8F6947430A2C1BE7E2 /* libPods-NZBLibraryDemo.a */ = {isa = PBXFileReference; explicitFileType = archive.ar; includeInIndex = 0; path = "libPods-NZBLibraryDemo.a"; sourceTree = BUILT_PRODUCTS_DIR; };
		B162F739D2FEFCF64B47B25C /* Pods-NZBLibraryDemo.debug.xcconfig */ = {isa = PBXFileReference; includeInIndex = 1; lastKnownFileType = text.xcconfig; name = "Pods-NZBLibraryDemo.debug.xcconfig"; path = "../../Pods/Target Support Files/Pods-NZBLibraryDemo/Pods-NZBLibraryDemo.debug.xcconfig"; sourceTree = "<group>"; };
		EEE91847E664C3CA96562145 /* Pods-NZBLibraryDemoTests.debug.xcconfig */ = {isa = PBXFileReference; includeInIndex = 1; lastKnownFileType = text.xcconfig; name = "Pods-NZBLibraryDemoTests.debug.xcconfig"; path = "../../Pods/Target Support Files/Pods-NZBLibraryDemoTests/Pods-NZBLibraryDemoTests.debug.xcconfig"; sourceTree = "<group>"; };
/* End PBXFileReference section */

/* Begin PBXFrameworksBuildPhase section */
		731B3D011C8C559E0083BFFA /* Frameworks */ = {
			isa = PBXFrameworksBuildPhase;
			buildActionMask = 2147483647;
			files = (
				6AF96E8EBF6968A848A149BB /* libPods-NZBLibraryDemo.a in Frameworks */,
			);
			runOnlyForDeploymentPostprocessing = 0;
		};
		731B3D1A1C8C559E0083BFFA /* Frameworks */ = {
			isa = PBXFrameworksBuildPhase;
			buildActionMask = 2147483647;
			files = (
				AA939D97A4D0747074DC9E86 /* libPods-NZBLibraryDemoTests.a in Frameworks */,
			);
			runOnlyForDeploymentPostprocessing = 0;
		};
/* End PBXFrameworksBuildPhase section */

/* Begin PBXGroup section */
		1AFA8A909ECB303089C72C90 /* Pods */ = {
			isa = PBXGroup;
			children = (
				B162F739D2FEFCF64B47B25C /* Pods-NZBLibraryDemo.debug.xcconfig */,
				311FC0062200E466830AFED8 /* Pods-NZBLibraryDemo.release.xcconfig */,
				EEE91847E664C3CA96562145 /* Pods-NZBLibraryDemoTests.debug.xcconfig */,
				0FBC993E392F71D538B371A2 /* Pods-NZBLibraryDemoTests.release.xcconfig */,
			);
			name = Pods;
			sourceTree = "<group>";
		};
		731B3CFB1C8C559E0083BFFA = {
			isa = PBXGroup;
			children = (
				731B3D061C8C559E0083BFFA /* NZBLibraryDemo */,
				731B3D201C8C559E0083BFFA /* NZBLibraryDemoTests */,
				731B3D051C8C559E0083BFFA /* Products */,
				E18F328FCC7D78E2A56438B1 /* Frameworks */,
				1AFA8A909ECB303089C72C90 /* Pods */,
			);
			sourceTree = "<group>";
		};
		731B3D051C8C559E0083BFFA /* Products */ = {
			isa = PBXGroup;
			children = (
				731B3D041C8C559E0083BFFA /* NZBLibraryDemo.app */,
				731B3D1D1C8C559E0083BFFA /* NZBLibraryDemoTests.xctest */,
			);
			name = Products;
			sourceTree = "<group>";
		};
		731B3D061C8C559E0083BFFA /* NZBLibraryDemo */ = {
			isa = PBXGroup;
			children = (
				731B3D0A1C8C559E0083BFFA /* AppDelegate.h */,
				731B3D0B1C8C559E0083BFFA /* AppDelegate.m */,
				731B3D0D1C8C559E0083BFFA /* ViewController.h */,
				731B3D0E1C8C559E0083BFFA /* ViewController.m */,
				731B3D101C8C559E0083BFFA /* Main.storyboard */,
				731B3D131C8C559E0083BFFA /* Assets.xcassets */,
				731B3D151C8C559E0083BFFA /* LaunchScreen.storyboard */,
				731B3D181C8C559E0083BFFA /* Info.plist */,
				731B3D071C8C559E0083BFFA /* Supporting Files */,
			);
			path = NZBLibraryDemo;
			sourceTree = "<group>";
		};
		731B3D071C8C559E0083BFFA /* Supporting Files */ = {
			isa = PBXGroup;
			children = (
				731B3D081C8C559E0083BFFA /* main.m */,
			);
			name = "Supporting Files";
			sourceTree = "<group>";
		};
		731B3D201C8C559E0083BFFA /* NZBLibraryDemoTests */ = {
			isa = PBXGroup;
			children = (
				731B3D321C8DE0290083BFFA /* Prefix-Header.h */,
				731B3D231C8C559E0083BFFA /* Info.plist */,
				731B3D2E1C8DD9C50083BFFA /* NZBMessageSpec.m */,
			);
			path = NZBLibraryDemoTests;
			sourceTree = "<group>";
		};
		E18F328FCC7D78E2A56438B1 /* Frameworks */ = {
			isa = PBXGroup;
			children = (
				ACD8DD8F6947430A2C1BE7E2 /* libPods-NZBLibraryDemo.a */,
				03F57417BE92502BA5BDDA89 /* libPods-NZBLibraryDemoTests.a */,
			);
			name = Frameworks;
			sourceTree = "<group>";
		};
/* End PBXGroup section */

/* Begin PBXNativeTarget section */
		731B3D031C8C559E0083BFFA /* NZBLibraryDemo */ = {
			isa = PBXNativeTarget;
			buildConfigurationList = 731B3D261C8C559E0083BFFA /* Build configuration list for PBXNativeTarget "NZBLibraryDemo" */;
			buildPhases = (
				89A01CF53708B3962FCDFC60 /* Check Pods Manifest.lock */,
				731B3D001C8C559E0083BFFA /* Sources */,
				731B3D011C8C559E0083BFFA /* Frameworks */,
				731B3D021C8C559E0083BFFA /* Resources */,
				A5D31B4E475AD0253B582E05 /* Embed Pods Frameworks */,
				071BA8E94266BA16127FD447 /* Copy Pods Resources */,
			);
			buildRules = (
			);
			dependencies = (
			);
			name = NZBLibraryDemo;
			productName = NZBLibraryDemo;
			productReference = 731B3D041C8C559E0083BFFA /* NZBLibraryDemo.app */;
			productType = "com.apple.product-type.application";
		};
		731B3D1C1C8C559E0083BFFA /* NZBLibraryDemoTests */ = {
			isa = PBXNativeTarget;
			buildConfigurationList = 731B3D291C8C559E0083BFFA /* Build configuration list for PBXNativeTarget "NZBLibraryDemoTests" */;
			buildPhases = (
				691B3619C27B49694D71B7AC /* Check Pods Manifest.lock */,
				731B3D191C8C559E0083BFFA /* Sources */,
				731B3D1A1C8C559E0083BFFA /* Frameworks */,
				731B3D1B1C8C559E0083BFFA /* Resources */,
				1B1A3DCF1426F00FAADF80D0 /* Embed Pods Frameworks */,
				809E8C5C6C73B3F32C9F0E49 /* Copy Pods Resources */,
			);
			buildRules = (
			);
			dependencies = (
				731B3D1F1C8C559E0083BFFA /* PBXTargetDependency */,
			);
			name = NZBLibraryDemoTests;
			productName = NZBLibraryDemoTests;
			productReference = 731B3D1D1C8C559E0083BFFA /* NZBLibraryDemoTests.xctest */;
			productType = "com.apple.product-type.bundle.unit-test";
		};
/* End PBXNativeTarget section */

/* Begin PBXProject section */
		731B3CFC1C8C559E0083BFFA /* Project object */ = {
			isa = PBXProject;
			attributes = {
				LastUpgradeCheck = 0720;
				ORGANIZATIONNAME = "Eugene Tutuev";
				TargetAttributes = {
					731B3D031C8C559E0083BFFA = {
						CreatedOnToolsVersion = 7.2.1;
					};
					731B3D1C1C8C559E0083BFFA = {
						CreatedOnToolsVersion = 7.2.1;
						TestTargetID = 731B3D031C8C559E0083BFFA;
					};
				};
			};
			buildConfigurationList = 731B3CFF1C8C559E0083BFFA /* Build configuration list for PBXProject "NZBLibraryDemo" */;
			compatibilityVersion = "Xcode 3.2";
			developmentRegion = English;
			hasScannedForEncodings = 0;
			knownRegions = (
				en,
				Base,
			);
			mainGroup = 731B3CFB1C8C559E0083BFFA;
			productRefGroup = 731B3D051C8C559E0083BFFA /* Products */;
			projectDirPath = "";
			projectRoot = "";
			targets = (
				731B3D031C8C559E0083BFFA /* NZBLibraryDemo */,
				731B3D1C1C8C559E0083BFFA /* NZBLibraryDemoTests */,
			);
		};
/* End PBXProject section */

/* Begin PBXResourcesBuildPhase section */
		731B3D021C8C559E0083BFFA /* Resources */ = {
			isa = PBXResourcesBuildPhase;
			buildActionMask = 2147483647;
			files = (
				731B3D171C8C559E0083BFFA /* LaunchScreen.storyboard in Resources */,
				731B3D141C8C559E0083BFFA /* Assets.xcassets in Resources */,
				731B3D121C8C559E0083BFFA /* Main.storyboard in Resources */,
			);
			runOnlyForDeploymentPostprocessing = 0;
		};
		731B3D1B1C8C559E0083BFFA /* Resources */ = {
			isa = PBXResourcesBuildPhase;
			buildActionMask = 2147483647;
			files = (
			);
			runOnlyForDeploymentPostprocessing = 0;
		};
/* End PBXResourcesBuildPhase section */

/* Begin PBXShellScriptBuildPhase section */
		071BA8E94266BA16127FD447 /* Copy Pods Resources */ = {
			isa = PBXShellScriptBuildPhase;
			buildActionMask = 2147483647;
			files = (
			);
			inputPaths = (
			);
			name = "Copy Pods Resources";
			outputPaths = (
			);
			runOnlyForDeploymentPostprocessing = 0;
			shellPath = /bin/sh;
			shellScript = "\"${SRCROOT}/../../Pods/Target Support Files/Pods-NZBLibraryDemo/Pods-NZBLibraryDemo-resources.sh\"\n";
			showEnvVarsInLog = 0;
		};
		1B1A3DCF1426F00FAADF80D0 /* Embed Pods Frameworks */ = {
			isa = PBXShellScriptBuildPhase;
			buildActionMask = 2147483647;
			files = (
			);
			inputPaths = (
			);
			name = "Embed Pods Frameworks";
			outputPaths = (
			);
			runOnlyForDeploymentPostprocessing = 0;
			shellPath = /bin/sh;
			shellScript = "\"${SRCROOT}/../../Pods/Target Support Files/Pods-NZBLibraryDemoTests/Pods-NZBLibraryDemoTests-frameworks.sh\"\n";
			showEnvVarsInLog = 0;
		};
		691B3619C27B49694D71B7AC /* Check Pods Manifest.lock */ = {
			isa = PBXShellScriptBuildPhase;
			buildActionMask = 2147483647;
			files = (
			);
			inputPaths = (
			);
			name = "Check Pods Manifest.lock";
			outputPaths = (
			);
			runOnlyForDeploymentPostprocessing = 0;
			shellPath = /bin/sh;
			shellScript = "diff \"${PODS_ROOT}/../Podfile.lock\" \"${PODS_ROOT}/Manifest.lock\" > /dev/null\nif [[ $? != 0 ]] ; then\n    cat << EOM\nerror: The sandbox is not in sync with the Podfile.lock. Run 'pod install' or update your CocoaPods installation.\nEOM\n    exit 1\nfi\n";
			showEnvVarsInLog = 0;
		};
		809E8C5C6C73B3F32C9F0E49 /* Copy Pods Resources */ = {
			isa = PBXShellScriptBuildPhase;
			buildActionMask = 2147483647;
			files = (
			);
			inputPaths = (
			);
			name = "Copy Pods Resources";
			outputPaths = (
			);
			runOnlyForDeploymentPostprocessing = 0;
			shellPath = /bin/sh;
			shellScript = "\"${SRCROOT}/../../Pods/Target Support Files/Pods-NZBLibraryDemoTests/Pods-NZBLibraryDemoTests-resources.sh\"\n";
			showEnvVarsInLog = 0;
		};
		89A01CF53708B3962FCDFC60 /* Check Pods Manifest.lock */ = {
			isa = PBXShellScriptBuildPhase;
			buildActionMask = 2147483647;
			files = (
			);
			inputPaths = (
			);
			name = "Check Pods Manifest.lock";
			outputPaths = (
			);
			runOnlyForDeploymentPostprocessing = 0;
			shellPath = /bin/sh;
			shellScript = "diff \"${PODS_ROOT}/../Podfile.lock\" \"${PODS_ROOT}/Manifest.lock\" > /dev/null\nif [[ $? != 0 ]] ; then\n    cat << EOM\nerror: The sandbox is not in sync with the Podfile.lock. Run 'pod install' or update your CocoaPods installation.\nEOM\n    exit 1\nfi\n";
			showEnvVarsInLog = 0;
		};
		A5D31B4E475AD0253B582E05 /* Embed Pods Frameworks */ = {
			isa = PBXShellScriptBuildPhase;
			buildActionMask = 2147483647;
			files = (
			);
			inputPaths = (
			);
			name = "Embed Pods Frameworks";
			outputPaths = (
			);
			runOnlyForDeploymentPostprocessing = 0;
			shellPath = /bin/sh;
			shellScript = "\"${SRCROOT}/../../Pods/Target Support Files/Pods-NZBLibraryDemo/Pods-NZBLibraryDemo-frameworks.sh\"\n";
			showEnvVarsInLog = 0;
		};
/* End PBXShellScriptBuildPhase section */

/* Begin PBXSourcesBuildPhase section */
		731B3D001C8C559E0083BFFA /* Sources */ = {
			isa = PBXSourcesBuildPhase;
			buildActionMask = 2147483647;
			files = (
				731B3D0F1C8C559E0083BFFA /* ViewController.m in Sources */,
				731B3D0C1C8C559E0083BFFA /* AppDelegate.m in Sources */,
				731B3D091C8C559E0083BFFA /* main.m in Sources */,
			);
			runOnlyForDeploymentPostprocessing = 0;
		};
		731B3D191C8C559E0083BFFA /* Sources */ = {
			isa = PBXSourcesBuildPhase;
			buildActionMask = 2147483647;
			files = (
				731B3D2F1C8DD9C50083BFFA /* NZBMessageSpec.m in Sources */,
			);
			runOnlyForDeploymentPostprocessing = 0;
		};
/* End PBXSourcesBuildPhase section */

/* Begin PBXTargetDependency section */
		731B3D1F1C8C559E0083BFFA /* PBXTargetDependency */ = {
			isa = PBXTargetDependency;
			target = 731B3D031C8C559E0083BFFA /* NZBLibraryDemo */;
			targetProxy = 731B3D1E1C8C559E0083BFFA /* PBXContainerItemProxy */;
		};
/* End PBXTargetDependency section */

/* Begin PBXVariantGroup section */
		731B3D101C8C559E0083BFFA /* Main.storyboard */ = {
			isa = PBXVariantGroup;
			children = (
				731B3D111C8C559E0083BFFA /* Base */,
			);
			name = Main.storyboard;
			sourceTree = "<group>";
		};
		731B3D151C8C559E0083BFFA /* LaunchScreen.storyboard */ = {
			isa = PBXVariantGroup;
			children = (
				731B3D161C8C559E0083BFFA /* Base */,
			);
			name = LaunchScreen.storyboard;
			sourceTree = "<group>";
		};
/* End PBXVariantGroup section */

/* Begin XCBuildConfiguration section */
		731B3D241C8C559E0083BFFA /* Debug */ = {
			isa = XCBuildConfiguration;
			buildSettings = {
				ALWAYS_SEARCH_USER_PATHS = NO;
				CLANG_CXX_LANGUAGE_STANDARD = "gnu++0x";
				CLANG_CXX_LIBRARY = "libc++";
				CLANG_ENABLE_MODULES = YES;
				CLANG_ENABLE_OBJC_ARC = YES;
				CLANG_WARN_BOOL_CONVERSION = YES;
				CLANG_WARN_CONSTANT_CONVERSION = YES;
				CLANG_WARN_DIRECT_OBJC_ISA_USAGE = YES_ERROR;
				CLANG_WARN_EMPTY_BODY = YES;
				CLANG_WARN_ENUM_CONVERSION = YES;
				CLANG_WARN_INT_CONVERSION = YES;
				CLANG_WARN_OBJC_ROOT_CLASS = YES_ERROR;
				CLANG_WARN_UNREACHABLE_CODE = YES;
				CLANG_WARN__DUPLICATE_METHOD_MATCH = YES;
				"CODE_SIGN_IDENTITY[sdk=iphoneos*]" = "iPhone Developer";
				COPY_PHASE_STRIP = NO;
				DEBUG_INFORMATION_FORMAT = dwarf;
				ENABLE_STRICT_OBJC_MSGSEND = YES;
				ENABLE_TESTABILITY = YES;
				GCC_C_LANGUAGE_STANDARD = gnu99;
				GCC_DYNAMIC_NO_PIC = NO;
				GCC_NO_COMMON_BLOCKS = YES;
				GCC_OPTIMIZATION_LEVEL = 0;
				GCC_PREPROCESSOR_DEFINITIONS = (
					"DEBUG=1",
					"$(inherited)",
				);
				GCC_WARN_64_TO_32_BIT_CONVERSION = YES;
				GCC_WARN_ABOUT_RETURN_TYPE = YES_ERROR;
				GCC_WARN_UNDECLARED_SELECTOR = YES;
				GCC_WARN_UNINITIALIZED_AUTOS = YES_AGGRESSIVE;
				GCC_WARN_UNUSED_FUNCTION = YES;
				GCC_WARN_UNUSED_VARIABLE = YES;
				IPHONEOS_DEPLOYMENT_TARGET = 9.2;
				MTL_ENABLE_DEBUG_INFO = YES;
				ONLY_ACTIVE_ARCH = YES;
				SDKROOT = iphoneos;
			};
			name = Debug;
		};
		731B3D251C8C559E0083BFFA /* Release */ = {
			isa = XCBuildConfiguration;
			buildSettings = {
				ALWAYS_SEARCH_USER_PATHS = NO;
				CLANG_CXX_LANGUAGE_STANDARD = "gnu++0x";
				CLANG_CXX_LIBRARY = "libc++";
				CLANG_ENABLE_MODULES = YES;
				CLANG_ENABLE_OBJC_ARC = YES;
				CLANG_WARN_BOOL_CONVERSION = YES;
				CLANG_WARN_CONSTANT_CONVERSION = YES;
				CLANG_WARN_DIRECT_OBJC_ISA_USAGE = YES_ERROR;
				CLANG_WARN_EMPTY_BODY = YES;
				CLANG_WARN_ENUM_CONVERSION = YES;
				CLANG_WARN_INT_CONVERSION = YES;
				CLANG_WARN_OBJC_ROOT_CLASS = YES_ERROR;
				CLANG_WARN_UNREACHABLE_CODE = YES;
				CLANG_WARN__DUPLICATE_METHOD_MATCH = YES;
				"CODE_SIGN_IDENTITY[sdk=iphoneos*]" = "iPhone Developer";
				COPY_PHASE_STRIP = NO;
				DEBUG_INFORMATION_FORMAT = "dwarf-with-dsym";
				ENABLE_NS_ASSERTIONS = NO;
				ENABLE_STRICT_OBJC_MSGSEND = YES;
				GCC_C_LANGUAGE_STANDARD = gnu99;
				GCC_NO_COMMON_BLOCKS = YES;
				GCC_WARN_64_TO_32_BIT_CONVERSION = YES;
				GCC_WARN_ABOUT_RETURN_TYPE = YES_ERROR;
				GCC_WARN_UNDECLARED_SELECTOR = YES;
				GCC_WARN_UNINITIALIZED_AUTOS = YES_AGGRESSIVE;
				GCC_WARN_UNUSED_FUNCTION = YES;
				GCC_WARN_UNUSED_VARIABLE = YES;
				IPHONEOS_DEPLOYMENT_TARGET = 9.2;
				MTL_ENABLE_DEBUG_INFO = NO;
				SDKROOT = iphoneos;
				VALIDATE_PRODUCT = YES;
			};
			name = Release;
		};
		731B3D271C8C559E0083BFFA /* Debug */ = {
			isa = XCBuildConfiguration;
			baseConfigurationReference = B162F739D2FEFCF64B47B25C /* Pods-NZBLibraryDemo.debug.xcconfig */;
			buildSettings = {
				ASSETCATALOG_COMPILER_APPICON_NAME = AppIcon;
				INFOPLIST_FILE = NZBLibraryDemo/Info.plist;
				LD_RUNPATH_SEARCH_PATHS = "$(inherited) @executable_path/Frameworks";
				PRODUCT_BUNDLE_IDENTIFIER = xyz.nazabore.NZBLibraryDemo;
				PRODUCT_NAME = "$(TARGET_NAME)";
			};
			name = Debug;
		};
		731B3D281C8C559E0083BFFA /* Release */ = {
			isa = XCBuildConfiguration;
			baseConfigurationReference = 311FC0062200E466830AFED8 /* Pods-NZBLibraryDemo.release.xcconfig */;
			buildSettings = {
				ASSETCATALOG_COMPILER_APPICON_NAME = AppIcon;
				INFOPLIST_FILE = NZBLibraryDemo/Info.plist;
				LD_RUNPATH_SEARCH_PATHS = "$(inherited) @executable_path/Frameworks";
				PRODUCT_BUNDLE_IDENTIFIER = xyz.nazabore.NZBLibraryDemo;
				PRODUCT_NAME = "$(TARGET_NAME)";
			};
			name = Release;
		};
		731B3D2A1C8C559E0083BFFA /* Debug */ = {
			isa = XCBuildConfiguration;
			baseConfigurationReference = EEE91847E664C3CA96562145 /* Pods-NZBLibraryDemoTests.debug.xcconfig */;
			buildSettings = {
				BUNDLE_LOADER = "$(TEST_HOST)";
				GCC_PREFIX_HEADER = "NZBLibraryDemoTests/Prefix-Header.h";
				INFOPLIST_FILE = NZBLibraryDemoTests/Info.plist;
				LD_RUNPATH_SEARCH_PATHS = "$(inherited) @executable_path/Frameworks @loader_path/Frameworks";
				PRODUCT_BUNDLE_IDENTIFIER = xyz.nazabore.NZBLibraryDemoTests;
				PRODUCT_NAME = "$(TARGET_NAME)";
				TEST_HOST = "$(BUILT_PRODUCTS_DIR)/NZBLibraryDemo.app/NZBLibraryDemo";
			};
			name = Debug;
		};
		731B3D2B1C8C559E0083BFFA /* Release */ = {
			isa = XCBuildConfiguration;
			baseConfigurationReference = 0FBC993E392F71D538B371A2 /* Pods-NZBLibraryDemoTests.release.xcconfig */;
			buildSettings = {
				BUNDLE_LOADER = "$(TEST_HOST)";
				GCC_PREFIX_HEADER = "NZBLibraryDemoTests/Prefix-Header.h";
				INFOPLIST_FILE = NZBLibraryDemoTests/Info.plist;
				LD_RUNPATH_SEARCH_PATHS = "$(inherited) @executable_path/Frameworks @loader_path/Frameworks";
				PRODUCT_BUNDLE_IDENTIFIER = xyz.nazabore.NZBLibraryDemoTests;
				PRODUCT_NAME = "$(TARGET_NAME)";
				TEST_HOST = "$(BUILT_PRODUCTS_DIR)/NZBLibraryDemo.app/NZBLibraryDemo";
			};
			name = Release;
		};
/* End XCBuildConfiguration section */

/* Begin XCConfigurationList section */
		731B3CFF1C8C559E0083BFFA /* Build configuration list for PBXProject "NZBLibraryDemo" */ = {
			isa = XCConfigurationList;
			buildConfigurations = (
				731B3D241C8C559E0083BFFA /* Debug */,
				731B3D251C8C559E0083BFFA /* Release */,
			);
			defaultConfigurationIsVisible = 0;
			defaultConfigurationName = Release;
		};
		731B3D261C8C559E0083BFFA /* Build configuration list for PBXNativeTarget "NZBLibraryDemo" */ = {
			isa = XCConfigurationList;
			buildConfigurations = (
				731B3D271C8C559E0083BFFA /* Debug */,
				731B3D281C8C559E0083BFFA /* Release */,
			);
			defaultConfigurationIsVisible = 0;
			defaultConfigurationName = Release;
		};
		731B3D291C8C559E0083BFFA /* Build configuration list for PBXNativeTarget "NZBLibraryDemoTests" */ = {
			isa = XCConfigurationList;
			buildConfigurations = (
				731B3D2A1C8C559E0083BFFA /* Debug */,
				731B3D2B1C8C559E0083BFFA /* Release */,
			);
			defaultConfigurationIsVisible = 0;
			defaultConfigurationName = Release;
		};
/* End XCConfigurationList section */
	};
	rootObject = 731B3CFC1C8C559E0083BFFA /* Project object */;
}
